// !$*UTF8*$!
{
	archiveVersion = 1;
	classes = {
	};
	objectVersion = 46;
	objects = {

/* Begin PBXBuildFile section */
		010476DB17DF1A0A00BDCCE0 /* UIKit.framework in Frameworks */ = {isa = PBXBuildFile; fileRef = 010476DA17DF1A0A00BDCCE0 /* UIKit.framework */; };
		010476DD17DF1A0A00BDCCE0 /* Foundation.framework in Frameworks */ = {isa = PBXBuildFile; fileRef = 010476DC17DF1A0A00BDCCE0 /* Foundation.framework */; };
		010476DF17DF1A0A00BDCCE0 /* CoreGraphics.framework in Frameworks */ = {isa = PBXBuildFile; fileRef = 010476DE17DF1A0A00BDCCE0 /* CoreGraphics.framework */; };
		010476E517DF1A0A00BDCCE0 /* InfoPlist.strings in Resources */ = {isa = PBXBuildFile; fileRef = 010476E317DF1A0A00BDCCE0 /* InfoPlist.strings */; };
		010476E717DF1A0A00BDCCE0 /* main.m in Sources */ = {isa = PBXBuildFile; fileRef = 010476E617DF1A0A00BDCCE0 /* main.m */; };
		010476EB17DF1A0A00BDCCE0 /* AppDelegate.m in Sources */ = {isa = PBXBuildFile; fileRef = 010476EA17DF1A0A00BDCCE0 /* AppDelegate.m */; };
		010476ED17DF1A0A00BDCCE0 /* Default.png in Resources */ = {isa = PBXBuildFile; fileRef = 010476EC17DF1A0A00BDCCE0 /* Default.png */; };
		010476EF17DF1A0A00BDCCE0 /* Default@2x.png in Resources */ = {isa = PBXBuildFile; fileRef = 010476EE17DF1A0A00BDCCE0 /* Default@2x.png */; };
		010476F117DF1A0A00BDCCE0 /* Default-568h@2x.png in Resources */ = {isa = PBXBuildFile; fileRef = 010476F017DF1A0A00BDCCE0 /* Default-568h@2x.png */; };
		010476F417DF1A0A00BDCCE0 /* ViewController.m in Sources */ = {isa = PBXBuildFile; fileRef = 010476F317DF1A0A00BDCCE0 /* ViewController.m */; };
		010476F717DF1A0A00BDCCE0 /* ViewController_iPhone.xib in Resources */ = {isa = PBXBuildFile; fileRef = 010476F517DF1A0A00BDCCE0 /* ViewController_iPhone.xib */; };
		010476FA17DF1A0A00BDCCE0 /* ViewController_iPad.xib in Resources */ = {isa = PBXBuildFile; fileRef = 010476F817DF1A0A00BDCCE0 /* ViewController_iPad.xib */; };
		0104770E17DF1D5000BDCCE0 /* BasicViewController.m in Sources */ = {isa = PBXBuildFile; fileRef = 0104770D17DF1D5000BDCCE0 /* BasicViewController.m */; };
		0104772917DF1EF600BDCCE0 /* NoticeView.bundle in Resources */ = {isa = PBXBuildFile; fileRef = 0104771317DF1EF600BDCCE0 /* NoticeView.bundle */; };
		0104772A17DF1EF600BDCCE0 /* NSOperationQueue+WBNoticeExtensions.m in Sources */ = {isa = PBXBuildFile; fileRef = 0104771517DF1EF600BDCCE0 /* NSOperationQueue+WBNoticeExtensions.m */; };
		0104772B17DF1EF600BDCCE0 /* UILabel+WBExtensions.m in Sources */ = {isa = PBXBuildFile; fileRef = 0104771717DF1EF600BDCCE0 /* UILabel+WBExtensions.m */; };
		0104772C17DF1EF600BDCCE0 /* WBBlueGradientView.m in Sources */ = {isa = PBXBuildFile; fileRef = 0104771917DF1EF600BDCCE0 /* WBBlueGradientView.m */; };
		0104772D17DF1EF600BDCCE0 /* WBErrorNoticeView.m in Sources */ = {isa = PBXBuildFile; fileRef = 0104771B17DF1EF600BDCCE0 /* WBErrorNoticeView.m */; };
		0104772E17DF1EF600BDCCE0 /* WBGrayGradientView.m in Sources */ = {isa = PBXBuildFile; fileRef = 0104771D17DF1EF600BDCCE0 /* WBGrayGradientView.m */; };
		0104772F17DF1EF600BDCCE0 /* WBNoticeOperation.m in Sources */ = {isa = PBXBuildFile; fileRef = 0104771F17DF1EF600BDCCE0 /* WBNoticeOperation.m */; settings = {COMPILER_FLAGS = "-fobjc-arc"; }; };
		0104773017DF1EF600BDCCE0 /* WBNoticeView.m in Sources */ = {isa = PBXBuildFile; fileRef = 0104772217DF1EF600BDCCE0 /* WBNoticeView.m */; settings = {COMPILER_FLAGS = "-fobjc-arc"; }; };
		0104773117DF1EF600BDCCE0 /* WBRedGradientView.m in Sources */ = {isa = PBXBuildFile; fileRef = 0104772417DF1EF600BDCCE0 /* WBRedGradientView.m */; };
		0104773217DF1EF600BDCCE0 /* WBStickyNoticeView.m in Sources */ = {isa = PBXBuildFile; fileRef = 0104772617DF1EF600BDCCE0 /* WBStickyNoticeView.m */; };
		0104773317DF1EF600BDCCE0 /* WBSuccessNoticeView.m in Sources */ = {isa = PBXBuildFile; fileRef = 0104772817DF1EF600BDCCE0 /* WBSuccessNoticeView.m */; };
		0104773617DF1F6E00BDCCE0 /* QuartzCore.framework in Frameworks */ = {isa = PBXBuildFile; fileRef = 0104773517DF1F6E00BDCCE0 /* QuartzCore.framework */; };
		0104774417DF20CB00BDCCE0 /* GDataXMLNode.m in Sources */ = {isa = PBXBuildFile; fileRef = 0104773F17DF20CB00BDCCE0 /* GDataXMLNode.m */; };
		0104774517DF20CB00BDCCE0 /* XmlNode.m in Sources */ = {isa = PBXBuildFile; fileRef = 0104774117DF20CB00BDCCE0 /* XmlNode.m */; };
		0104774617DF20CB00BDCCE0 /* XmlParseHelper.m in Sources */ = {isa = PBXBuildFile; fileRef = 0104774317DF20CB00BDCCE0 /* XmlParseHelper.m */; };
		0104774817DF20E200BDCCE0 /* libxml2.dylib in Frameworks */ = {isa = PBXBuildFile; fileRef = 0104774717DF20E200BDCCE0 /* libxml2.dylib */; };
		0104775417DF233F00BDCCE0 /* Reachability.m in Sources */ = {isa = PBXBuildFile; fileRef = 0104775317DF233F00BDCCE0 /* Reachability.m */; };
		0104775617DF23E000BDCCE0 /* SystemConfiguration.framework in Frameworks */ = {isa = PBXBuildFile; fileRef = 0104775517DF23E000BDCCE0 /* SystemConfiguration.framework */; };
		0104775817DF243D00BDCCE0 /* ReadMe.rtf in Resources */ = {isa = PBXBuildFile; fileRef = 0104775717DF243D00BDCCE0 /* ReadMe.rtf */; };
		0104776C17DF25A800BDCCE0 /* ASIAuthenticationDialog.m in Sources */ = {isa = PBXBuildFile; fileRef = 0104775B17DF25A800BDCCE0 /* ASIAuthenticationDialog.m */; };
		0104776D17DF25A800BDCCE0 /* ASIDataCompressor.m in Sources */ = {isa = PBXBuildFile; fileRef = 0104775E17DF25A800BDCCE0 /* ASIDataCompressor.m */; };
		0104776E17DF25A800BDCCE0 /* ASIDataDecompressor.m in Sources */ = {isa = PBXBuildFile; fileRef = 0104776017DF25A800BDCCE0 /* ASIDataDecompressor.m */; };
		0104776F17DF25A800BDCCE0 /* ASIDownloadCache.m in Sources */ = {isa = PBXBuildFile; fileRef = 0104776217DF25A800BDCCE0 /* ASIDownloadCache.m */; };
		0104777017DF25A800BDCCE0 /* ASIHTTPRequest.m in Sources */ = {isa = PBXBuildFile; fileRef = 0104776417DF25A800BDCCE0 /* ASIHTTPRequest.m */; };
		0104777117DF25A800BDCCE0 /* ASIInputStream.m in Sources */ = {isa = PBXBuildFile; fileRef = 0104776817DF25A800BDCCE0 /* ASIInputStream.m */; };
		0104777217DF25A800BDCCE0 /* ASINetworkQueue.m in Sources */ = {isa = PBXBuildFile; fileRef = 0104776A17DF25A800BDCCE0 /* ASINetworkQueue.m */; };
		0104777417DF25D800BDCCE0 /* CFNetwork.framework in Frameworks */ = {isa = PBXBuildFile; fileRef = 0104777317DF25D700BDCCE0 /* CFNetwork.framework */; };
		0104777617DF25DE00BDCCE0 /* MobileCoreServices.framework in Frameworks */ = {isa = PBXBuildFile; fileRef = 0104777517DF25DE00BDCCE0 /* MobileCoreServices.framework */; };
		0104777817DF25EE00BDCCE0 /* libz.dylib in Frameworks */ = {isa = PBXBuildFile; fileRef = 0104777717DF25EE00BDCCE0 /* libz.dylib */; };
		012F11F017E8517900AE73EB /* IndexViewController.m in Sources */ = {isa = PBXBuildFile; fileRef = 012F11EB17E8517900AE73EB /* IndexViewController.m */; };
		012F11F117E8517900AE73EB /* aboutUSViewController.m in Sources */ = {isa = PBXBuildFile; fileRef = 012F11ED17E8517900AE73EB /* aboutUSViewController.m */; };
		012F11F217E8517900AE73EB /* UserSetViewController.m in Sources */ = {isa = PBXBuildFile; fileRef = 012F11EF17E8517900AE73EB /* UserSetViewController.m */; };
		012F11F517E8526C00AE73EB /* SystemCheckViewController.m in Sources */ = {isa = PBXBuildFile; fileRef = 012F11F417E8526C00AE73EB /* SystemCheckViewController.m */; };
		012F120317E85C6A00AE73EB /* UINavigationBar+TPCategory.m in Sources */ = {isa = PBXBuildFile; fileRef = 012F120217E85C6900AE73EB /* UINavigationBar+TPCategory.m */; };
		012F120517E85EEA00AE73EB /* topbar_bg.jpg in Resources */ = {isa = PBXBuildFile; fileRef = 012F120417E85EE900AE73EB /* topbar_bg.jpg */; };
		014BDC2617F18130001E716D /* TKLabelCell.m in Sources */ = {isa = PBXBuildFile; fileRef = 014BDC1D17F18130001E716D /* TKLabelCell.m */; };
		014BDC2717F18130001E716D /* TKLabelFieldCell.m in Sources */ = {isa = PBXBuildFile; fileRef = 014BDC1F17F18130001E716D /* TKLabelFieldCell.m */; };
		014BDC2817F18130001E716D /* TKLabelSwitchCell.m in Sources */ = {isa = PBXBuildFile; fileRef = 014BDC2117F18130001E716D /* TKLabelSwitchCell.m */; };
		014BDC2917F18130001E716D /* TKLabelTextFieldCell.m in Sources */ = {isa = PBXBuildFile; fileRef = 014BDC2317F18130001E716D /* TKLabelTextFieldCell.m */; };
		014BDC2A17F18130001E716D /* TKLabelTextViewCell.m in Sources */ = {isa = PBXBuildFile; fileRef = 014BDC2517F18130001E716D /* TKLabelTextViewCell.m */; };
		014BDC2D17F18202001E716D /* EMKeyboardBarTextField.m in Sources */ = {isa = PBXBuildFile; fileRef = 014BDC2C17F18202001E716D /* EMKeyboardBarTextField.m */; settings = {COMPILER_FLAGS = "-fobjc-arc"; }; };
		014BDC3017F1822F001E716D /* GCPlaceholderTextView.m in Sources */ = {isa = PBXBuildFile; fileRef = 014BDC2F17F1822E001E716D /* GCPlaceholderTextView.m */; };
		014BDC3417F182BA001E716D /* TKEmptyCell.m in Sources */ = {isa = PBXBuildFile; fileRef = 014BDC3317F182BA001E716D /* TKEmptyCell.m */; };
		01A7BFD217F1229200A2C03B /* LinearView.m in Sources */ = {isa = PBXBuildFile; fileRef = 01A7BFD117F1229200A2C03B /* LinearView.m */; };
		01A7BFDC17F1402800A2C03B /* LinearImage.m in Sources */ = {isa = PBXBuildFile; fileRef = 01A7BFDB17F1402800A2C03B /* LinearImage.m */; };
		01B5A60B17DFF42F0076738C /* AnimateLoadView.m in Sources */ = {isa = PBXBuildFile; fileRef = 01B5A60817DFF42F0076738C /* AnimateLoadView.m */; };
		01B5A60C17DFF42F0076738C /* AnimateErrorView.m in Sources */ = {isa = PBXBuildFile; fileRef = 01B5A60A17DFF42F0076738C /* AnimateErrorView.m */; };
		01B5A61017DFF5270076738C /* error.png in Resources */ = {isa = PBXBuildFile; fileRef = 01B5A60F17DFF5270076738C /* error.png */; };
		01B5A61817E006CA0076738C /* NSData+TPCategory.m in Sources */ = {isa = PBXBuildFile; fileRef = 01B5A61717E006CA0076738C /* NSData+TPCategory.m */; };
		01B5A61B17E006F20076738C /* UIImage+TPCategory.m in Sources */ = {isa = PBXBuildFile; fileRef = 01B5A61A17E006F20076738C /* UIImage+TPCategory.m */; };
		01B5A61E17E00BCA0076738C /* UIColor+TPCategory.m in Sources */ = {isa = PBXBuildFile; fileRef = 01B5A61D17E00BC90076738C /* UIColor+TPCategory.m */; };
		01B5A62117E00BF90076738C /* NSString+TPCategory.m in Sources */ = {isa = PBXBuildFile; fileRef = 01B5A62017E00BF90076738C /* NSString+TPCategory.m */; };
		01E5BD6517F584260020A83E /* ZAActivityBar.bundle in Resources */ = {isa = PBXBuildFile; fileRef = 01E5BD6217F584260020A83E /* ZAActivityBar.bundle */; };
		01E5BD6617F584260020A83E /* ZAActivityBar.m in Sources */ = {isa = PBXBuildFile; fileRef = 01E5BD6417F584260020A83E /* ZAActivityBar.m */; settings = {COMPILER_FLAGS = "-fobjc-arc"; }; };
		01E5BD6917F584520020A83E /* SKBounceAnimation.m in Sources */ = {isa = PBXBuildFile; fileRef = 01E5BD6817F584520020A83E /* SKBounceAnimation.m */; };
		26A0ECBA17EF2ADE009AF735 /* Icon_Activity@2x.png in Resources */ = {isa = PBXBuildFile; fileRef = 26A0ECB217EF2ADE009AF735 /* Icon_Activity@2x.png */; };
		26A0ECBB17EF2ADE009AF735 /* Icon_Explore@2x.png in Resources */ = {isa = PBXBuildFile; fileRef = 26A0ECB317EF2ADE009AF735 /* Icon_Explore@2x.png */; };
		26A0ECBC17EF2ADE009AF735 /* Icon_Home@2x.png in Resources */ = {isa = PBXBuildFile; fileRef = 26A0ECB417EF2ADE009AF735 /* Icon_Home@2x.png */; };
		26A0ECBD17EF2ADE009AF735 /* Icon_Profile@2x.png in Resources */ = {isa = PBXBuildFile; fileRef = 26A0ECB517EF2ADE009AF735 /* Icon_Profile@2x.png */; };
		26A0ECBE17EF2ADE009AF735 /* Icon_Activity.png in Resources */ = {isa = PBXBuildFile; fileRef = 26A0ECB617EF2ADE009AF735 /* Icon_Activity.png */; };
		26A0ECBF17EF2ADE009AF735 /* Icon_Explore.png in Resources */ = {isa = PBXBuildFile; fileRef = 26A0ECB717EF2ADE009AF735 /* Icon_Explore.png */; };
		26A0ECC017EF2ADE009AF735 /* Icon_Home.png in Resources */ = {isa = PBXBuildFile; fileRef = 26A0ECB817EF2ADE009AF735 /* Icon_Home.png */; };
		26A0ECC117EF2ADE009AF735 /* Icon_Profile.png in Resources */ = {isa = PBXBuildFile; fileRef = 26A0ECB917EF2ADE009AF735 /* Icon_Profile.png */; };
		26A0ECCB17EF2B13009AF735 /* REMenu.m in Sources */ = {isa = PBXBuildFile; fileRef = 26A0ECC417EF2B13009AF735 /* REMenu.m */; settings = {COMPILER_FLAGS = "-fobjc-arc"; }; };
		26A0ECCC17EF2B13009AF735 /* REMenuContainerView.m in Sources */ = {isa = PBXBuildFile; fileRef = 26A0ECC617EF2B13009AF735 /* REMenuContainerView.m */; };
		26A0ECCD17EF2B13009AF735 /* REMenuItem.m in Sources */ = {isa = PBXBuildFile; fileRef = 26A0ECC817EF2B13009AF735 /* REMenuItem.m */; };
		26A0ECCE17EF2B13009AF735 /* REMenuItemView.m in Sources */ = {isa = PBXBuildFile; fileRef = 26A0ECCA17EF2B13009AF735 /* REMenuItemView.m */; settings = {COMPILER_FLAGS = "-fobjc-arc"; }; };
		26A0ECD217EF2B20009AF735 /* MMDrawerBarButtonItem.m in Sources */ = {isa = PBXBuildFile; fileRef = 26A0ECD117EF2B20009AF735 /* MMDrawerBarButtonItem.m */; };
		26A0ECD517EF2B8D009AF735 /* MainViewController.m in Sources */ = {isa = PBXBuildFile; fileRef = 26A0ECD417EF2B8D009AF735 /* MainViewController.m */; };
		26A0ECDF17EF2E9B009AF735 /* about_normal.png in Resources */ = {isa = PBXBuildFile; fileRef = 26A0ECD717EF2E9B009AF735 /* about_normal.png */; };
		26A0ECE017EF2E9B009AF735 /* about_select.png in Resources */ = {isa = PBXBuildFile; fileRef = 26A0ECD817EF2E9B009AF735 /* about_select.png */; };
		26A0ECE117EF2E9B009AF735 /* index_normal.png in Resources */ = {isa = PBXBuildFile; fileRef = 26A0ECD917EF2E9B009AF735 /* index_normal.png */; };
		26A0ECE217EF2E9B009AF735 /* index_select.png in Resources */ = {isa = PBXBuildFile; fileRef = 26A0ECDA17EF2E9B009AF735 /* index_select.png */; };
		26A0ECE317EF2E9B009AF735 /* system_normal.png in Resources */ = {isa = PBXBuildFile; fileRef = 26A0ECDB17EF2E9B009AF735 /* system_normal.png */; };
		26A0ECE417EF2E9B009AF735 /* system_select.png in Resources */ = {isa = PBXBuildFile; fileRef = 26A0ECDC17EF2E9B009AF735 /* system_select.png */; };
		26A0ECE517EF2E9B009AF735 /* user_normal.png in Resources */ = {isa = PBXBuildFile; fileRef = 26A0ECDD17EF2E9B009AF735 /* user_normal.png */; };
		26A0ECE617EF2E9B009AF735 /* user_select.png in Resources */ = {isa = PBXBuildFile; fileRef = 26A0ECDE17EF2E9B009AF735 /* user_select.png */; };
		26A0ECE817EF343F009AF735 /* Entitlements.plist in Resources */ = {isa = PBXBuildFile; fileRef = 26A0ECE717EF343F009AF735 /* Entitlements.plist */; };
		26A5877117F7C61900850DED /* logo.png in Resources */ = {isa = PBXBuildFile; fileRef = 26A5877017F7C61900850DED /* logo.png */; };
		26A5877417F7C6EC00850DED /* UINavigationItem+TPCategory.m in Sources */ = {isa = PBXBuildFile; fileRef = 26A5877317F7C6EC00850DED /* UINavigationItem+TPCategory.m */; };
		26A5877617F7C8CD00850DED /* Privacy.txt in Resources */ = {isa = PBXBuildFile; fileRef = 26A5877517F7C8CD00850DED /* Privacy.txt */; };
		26A5877A17F7C98400850DED /* UserSet.m in Sources */ = {isa = PBXBuildFile; fileRef = 26A5877917F7C98400850DED /* UserSet.m */; };
		26A5877D17F7CAF600850DED /* SecrecyViewController.m in Sources */ = {isa = PBXBuildFile; fileRef = 26A5877C17F7CAF600850DED /* SecrecyViewController.m */; };
		26A5878117F7D89200850DED /* RepairItemViewController.m in Sources */ = {isa = PBXBuildFile; fileRef = 26A5878017F7D89200850DED /* RepairItemViewController.m */; };
		26A5878417F7DAC300850DED /* BusinessAreaViewController.m in Sources */ = {isa = PBXBuildFile; fileRef = 26A5878317F7DAC300850DED /* BusinessAreaViewController.m */; };
		26A5878717F7DD0200850DED /* UIDevice+TPCategory.m in Sources */ = {isa = PBXBuildFile; fileRef = 26A5878617F7DD0200850DED /* UIDevice+TPCategory.m */; };
		26A5879417F7E76200850DED /* fk_01.jpg in Resources */ = {isa = PBXBuildFile; fileRef = 26A5878C17F7E76200850DED /* fk_01.jpg */; };
		26A5879517F7E76200850DED /* fk_02.jpg in Resources */ = {isa = PBXBuildFile; fileRef = 26A5878D17F7E76200850DED /* fk_02.jpg */; };
		26A5879617F7E76200850DED /* fk_03.jpg in Resources */ = {isa = PBXBuildFile; fileRef = 26A5878E17F7E76200850DED /* fk_03.jpg */; };
		26A5879717F7E76200850DED /* fk_04.jpg in Resources */ = {isa = PBXBuildFile; fileRef = 26A5878F17F7E76200850DED /* fk_04.jpg */; };
		26A5879817F7E76200850DED /* fk_05.jpg in Resources */ = {isa = PBXBuildFile; fileRef = 26A5879017F7E76200850DED /* fk_05.jpg */; };
		26A5879917F7E76200850DED /* fk_06.jpg in Resources */ = {isa = PBXBuildFile; fileRef = 26A5879117F7E76200850DED /* fk_06.jpg */; };
		26A5879A17F7E76200850DED /* fk_07.jpg in Resources */ = {isa = PBXBuildFile; fileRef = 26A5879217F7E76200850DED /* fk_07.jpg */; };
		26A5879B17F7E76200850DED /* fk_08.jpg in Resources */ = {isa = PBXBuildFile; fileRef = 26A5879317F7E76200850DED /* fk_08.jpg */; };
		26A587E917F81BC400850DED /* search@2x.png in Resources */ = {isa = PBXBuildFile; fileRef = 26A587E817F81BC300850DED /* search@2x.png */; };
		26A587EB17F81CB600850DED /* search.png in Resources */ = {isa = PBXBuildFile; fileRef = 26A587EA17F81CB500850DED /* search.png */; };
		26A587EE17F81F3500850DED /* CaseSearchViewController.m in Sources */ = {isa = PBXBuildFile; fileRef = 26A587ED17F81F3500850DED /* CaseSearchViewController.m */; };
		26A587F117F81F4D00850DED /* PushViewController.m in Sources */ = {isa = PBXBuildFile; fileRef = 26A587F017F81F4D00850DED /* PushViewController.m */; };
		26A5BA5D17F072AC00A13AC6 /* aboutUs.txt in Resources */ = {isa = PBXBuildFile; fileRef = 26A5BA5C17F072AC00A13AC6 /* aboutUs.txt */; };
		26A5BA6217F079A800A13AC6 /* CoreText.framework in Frameworks */ = {isa = PBXBuildFile; fileRef = 26A5BA6117F079A800A13AC6 /* CoreText.framework */; };
		26A5BA6717F0887900A13AC6 /* RTLabel.m in Sources */ = {isa = PBXBuildFile; fileRef = 26A5BA6617F0887900A13AC6 /* RTLabel.m */; settings = {COMPILER_FLAGS = "-fobjc-arc"; }; };
/* End PBXBuildFile section */

/* Begin PBXFileReference section */
		010476D617DF1A0A00BDCCE0 /* Eland.app */ = {isa = PBXFileReference; explicitFileType = wrapper.application; includeInIndex = 0; path = Eland.app; sourceTree = BUILT_PRODUCTS_DIR; };
		010476DA17DF1A0A00BDCCE0 /* UIKit.framework */ = {isa = PBXFileReference; lastKnownFileType = wrapper.framework; name = UIKit.framework; path = System/Library/Frameworks/UIKit.framework; sourceTree = SDKROOT; };
		010476DC17DF1A0A00BDCCE0 /* Foundation.framework */ = {isa = PBXFileReference; lastKnownFileType = wrapper.framework; name = Foundation.framework; path = System/Library/Frameworks/Foundation.framework; sourceTree = SDKROOT; };
		010476DE17DF1A0A00BDCCE0 /* CoreGraphics.framework */ = {isa = PBXFileReference; lastKnownFileType = wrapper.framework; name = CoreGraphics.framework; path = System/Library/Frameworks/CoreGraphics.framework; sourceTree = SDKROOT; };
		010476E217DF1A0A00BDCCE0 /* Eland-Info.plist */ = {isa = PBXFileReference; lastKnownFileType = text.plist.xml; path = "Eland-Info.plist"; sourceTree = "<group>"; };
		010476E417DF1A0A00BDCCE0 /* en */ = {isa = PBXFileReference; lastKnownFileType = text.plist.strings; name = en; path = en.lproj/InfoPlist.strings; sourceTree = "<group>"; };
		010476E617DF1A0A00BDCCE0 /* main.m */ = {isa = PBXFileReference; lastKnownFileType = sourcecode.c.objc; path = main.m; sourceTree = "<group>"; };
		010476E817DF1A0A00BDCCE0 /* Eland-Prefix.pch */ = {isa = PBXFileReference; lastKnownFileType = sourcecode.c.h; path = "Eland-Prefix.pch"; sourceTree = "<group>"; };
		010476E917DF1A0A00BDCCE0 /* AppDelegate.h */ = {isa = PBXFileReference; lastKnownFileType = sourcecode.c.h; path = AppDelegate.h; sourceTree = "<group>"; };
		010476EA17DF1A0A00BDCCE0 /* AppDelegate.m */ = {isa = PBXFileReference; lastKnownFileType = sourcecode.c.objc; path = AppDelegate.m; sourceTree = "<group>"; };
		010476EC17DF1A0A00BDCCE0 /* Default.png */ = {isa = PBXFileReference; lastKnownFileType = image.png; path = Default.png; sourceTree = "<group>"; };
		010476EE17DF1A0A00BDCCE0 /* Default@2x.png */ = {isa = PBXFileReference; lastKnownFileType = image.png; path = "Default@2x.png"; sourceTree = "<group>"; };
		010476F017DF1A0A00BDCCE0 /* Default-568h@2x.png */ = {isa = PBXFileReference; lastKnownFileType = image.png; path = "Default-568h@2x.png"; sourceTree = "<group>"; };
		010476F217DF1A0A00BDCCE0 /* ViewController.h */ = {isa = PBXFileReference; lastKnownFileType = sourcecode.c.h; path = ViewController.h; sourceTree = "<group>"; };
		010476F317DF1A0A00BDCCE0 /* ViewController.m */ = {isa = PBXFileReference; lastKnownFileType = sourcecode.c.objc; path = ViewController.m; sourceTree = "<group>"; };
		010476F617DF1A0A00BDCCE0 /* en */ = {isa = PBXFileReference; lastKnownFileType = file.xib; name = en; path = en.lproj/ViewController_iPhone.xib; sourceTree = "<group>"; };
		010476F917DF1A0A00BDCCE0 /* en */ = {isa = PBXFileReference; lastKnownFileType = file.xib; name = en; path = en.lproj/ViewController_iPad.xib; sourceTree = "<group>"; };
		0104770C17DF1D5000BDCCE0 /* BasicViewController.h */ = {isa = PBXFileReference; fileEncoding = 4; lastKnownFileType = sourcecode.c.h; path = BasicViewController.h; sourceTree = "<group>"; };
		0104770D17DF1D5000BDCCE0 /* BasicViewController.m */ = {isa = PBXFileReference; fileEncoding = 4; lastKnownFileType = sourcecode.c.objc; path = BasicViewController.m; sourceTree = "<group>"; };
		0104771317DF1EF600BDCCE0 /* NoticeView.bundle */ = {isa = PBXFileReference; lastKnownFileType = "wrapper.plug-in"; path = NoticeView.bundle; sourceTree = "<group>"; };
		0104771417DF1EF600BDCCE0 /* NSOperationQueue+WBNoticeExtensions.h */ = {isa = PBXFileReference; fileEncoding = 4; lastKnownFileType = sourcecode.c.h; path = "NSOperationQueue+WBNoticeExtensions.h"; sourceTree = "<group>"; };
		0104771517DF1EF600BDCCE0 /* NSOperationQueue+WBNoticeExtensions.m */ = {isa = PBXFileReference; fileEncoding = 4; lastKnownFileType = sourcecode.c.objc; path = "NSOperationQueue+WBNoticeExtensions.m"; sourceTree = "<group>"; };
		0104771617DF1EF600BDCCE0 /* UILabel+WBExtensions.h */ = {isa = PBXFileReference; fileEncoding = 4; lastKnownFileType = sourcecode.c.h; path = "UILabel+WBExtensions.h"; sourceTree = "<group>"; };
		0104771717DF1EF600BDCCE0 /* UILabel+WBExtensions.m */ = {isa = PBXFileReference; fileEncoding = 4; lastKnownFileType = sourcecode.c.objc; path = "UILabel+WBExtensions.m"; sourceTree = "<group>"; };
		0104771817DF1EF600BDCCE0 /* WBBlueGradientView.h */ = {isa = PBXFileReference; fileEncoding = 4; lastKnownFileType = sourcecode.c.h; path = WBBlueGradientView.h; sourceTree = "<group>"; };
		0104771917DF1EF600BDCCE0 /* WBBlueGradientView.m */ = {isa = PBXFileReference; fileEncoding = 4; lastKnownFileType = sourcecode.c.objc; path = WBBlueGradientView.m; sourceTree = "<group>"; };
		0104771A17DF1EF600BDCCE0 /* WBErrorNoticeView.h */ = {isa = PBXFileReference; fileEncoding = 4; lastKnownFileType = sourcecode.c.h; path = WBErrorNoticeView.h; sourceTree = "<group>"; };
		0104771B17DF1EF600BDCCE0 /* WBErrorNoticeView.m */ = {isa = PBXFileReference; fileEncoding = 4; lastKnownFileType = sourcecode.c.objc; path = WBErrorNoticeView.m; sourceTree = "<group>"; };
		0104771C17DF1EF600BDCCE0 /* WBGrayGradientView.h */ = {isa = PBXFileReference; fileEncoding = 4; lastKnownFileType = sourcecode.c.h; path = WBGrayGradientView.h; sourceTree = "<group>"; };
		0104771D17DF1EF600BDCCE0 /* WBGrayGradientView.m */ = {isa = PBXFileReference; fileEncoding = 4; lastKnownFileType = sourcecode.c.objc; path = WBGrayGradientView.m; sourceTree = "<group>"; };
		0104771E17DF1EF600BDCCE0 /* WBNoticeOperation.h */ = {isa = PBXFileReference; fileEncoding = 4; lastKnownFileType = sourcecode.c.h; path = WBNoticeOperation.h; sourceTree = "<group>"; };
		0104771F17DF1EF600BDCCE0 /* WBNoticeOperation.m */ = {isa = PBXFileReference; fileEncoding = 4; lastKnownFileType = sourcecode.c.objc; path = WBNoticeOperation.m; sourceTree = "<group>"; };
		0104772017DF1EF600BDCCE0 /* WBNoticeView+ForSubclassEyesOnly.h */ = {isa = PBXFileReference; fileEncoding = 4; lastKnownFileType = sourcecode.c.h; path = "WBNoticeView+ForSubclassEyesOnly.h"; sourceTree = "<group>"; };
		0104772117DF1EF600BDCCE0 /* WBNoticeView.h */ = {isa = PBXFileReference; fileEncoding = 4; lastKnownFileType = sourcecode.c.h; path = WBNoticeView.h; sourceTree = "<group>"; };
		0104772217DF1EF600BDCCE0 /* WBNoticeView.m */ = {isa = PBXFileReference; fileEncoding = 4; lastKnownFileType = sourcecode.c.objc; path = WBNoticeView.m; sourceTree = "<group>"; };
		0104772317DF1EF600BDCCE0 /* WBRedGradientView.h */ = {isa = PBXFileReference; fileEncoding = 4; lastKnownFileType = sourcecode.c.h; path = WBRedGradientView.h; sourceTree = "<group>"; };
		0104772417DF1EF600BDCCE0 /* WBRedGradientView.m */ = {isa = PBXFileReference; fileEncoding = 4; lastKnownFileType = sourcecode.c.objc; path = WBRedGradientView.m; sourceTree = "<group>"; };
		0104772517DF1EF600BDCCE0 /* WBStickyNoticeView.h */ = {isa = PBXFileReference; fileEncoding = 4; lastKnownFileType = sourcecode.c.h; path = WBStickyNoticeView.h; sourceTree = "<group>"; };
		0104772617DF1EF600BDCCE0 /* WBStickyNoticeView.m */ = {isa = PBXFileReference; fileEncoding = 4; lastKnownFileType = sourcecode.c.objc; path = WBStickyNoticeView.m; sourceTree = "<group>"; };
		0104772717DF1EF600BDCCE0 /* WBSuccessNoticeView.h */ = {isa = PBXFileReference; fileEncoding = 4; lastKnownFileType = sourcecode.c.h; path = WBSuccessNoticeView.h; sourceTree = "<group>"; };
		0104772817DF1EF600BDCCE0 /* WBSuccessNoticeView.m */ = {isa = PBXFileReference; fileEncoding = 4; lastKnownFileType = sourcecode.c.objc; path = WBSuccessNoticeView.m; sourceTree = "<group>"; };
		0104773517DF1F6E00BDCCE0 /* QuartzCore.framework */ = {isa = PBXFileReference; lastKnownFileType = wrapper.framework; name = QuartzCore.framework; path = System/Library/Frameworks/QuartzCore.framework; sourceTree = SDKROOT; };
		0104773C17DF20CB00BDCCE0 /* GDataDefines.h */ = {isa = PBXFileReference; fileEncoding = 4; lastKnownFileType = sourcecode.c.h; path = GDataDefines.h; sourceTree = "<group>"; };
		0104773D17DF20CB00BDCCE0 /* GDataTargetNamespace.h */ = {isa = PBXFileReference; fileEncoding = 4; lastKnownFileType = sourcecode.c.h; path = GDataTargetNamespace.h; sourceTree = "<group>"; };
		0104773E17DF20CB00BDCCE0 /* GDataXMLNode.h */ = {isa = PBXFileReference; fileEncoding = 4; lastKnownFileType = sourcecode.c.h; path = GDataXMLNode.h; sourceTree = "<group>"; };
		0104773F17DF20CB00BDCCE0 /* GDataXMLNode.m */ = {isa = PBXFileReference; fileEncoding = 4; lastKnownFileType = sourcecode.c.objc; path = GDataXMLNode.m; sourceTree = "<group>"; };
		0104774017DF20CB00BDCCE0 /* XmlNode.h */ = {isa = PBXFileReference; fileEncoding = 4; lastKnownFileType = sourcecode.c.h; path = XmlNode.h; sourceTree = "<group>"; };
		0104774117DF20CB00BDCCE0 /* XmlNode.m */ = {isa = PBXFileReference; fileEncoding = 4; lastKnownFileType = sourcecode.c.objc; path = XmlNode.m; sourceTree = "<group>"; };
		0104774217DF20CB00BDCCE0 /* XmlParseHelper.h */ = {isa = PBXFileReference; fileEncoding = 4; lastKnownFileType = sourcecode.c.h; path = XmlParseHelper.h; sourceTree = "<group>"; };
		0104774317DF20CB00BDCCE0 /* XmlParseHelper.m */ = {isa = PBXFileReference; fileEncoding = 4; lastKnownFileType = sourcecode.c.objc; path = XmlParseHelper.m; sourceTree = "<group>"; };
		0104774717DF20E200BDCCE0 /* libxml2.dylib */ = {isa = PBXFileReference; lastKnownFileType = "compiled.mach-o.dylib"; name = libxml2.dylib; path = usr/lib/libxml2.dylib; sourceTree = SDKROOT; };
		0104775217DF233F00BDCCE0 /* Reachability.h */ = {isa = PBXFileReference; fileEncoding = 4; lastKnownFileType = sourcecode.c.h; path = Reachability.h; sourceTree = "<group>"; };
		0104775317DF233F00BDCCE0 /* Reachability.m */ = {isa = PBXFileReference; fileEncoding = 4; lastKnownFileType = sourcecode.c.objc; path = Reachability.m; sourceTree = "<group>"; };
		0104775517DF23E000BDCCE0 /* SystemConfiguration.framework */ = {isa = PBXFileReference; lastKnownFileType = wrapper.framework; name = SystemConfiguration.framework; path = System/Library/Frameworks/SystemConfiguration.framework; sourceTree = SDKROOT; };
		0104775717DF243D00BDCCE0 /* ReadMe.rtf */ = {isa = PBXFileReference; fileEncoding = 4; lastKnownFileType = text.rtf; path = ReadMe.rtf; sourceTree = "<group>"; };
		0104775A17DF25A800BDCCE0 /* ASIAuthenticationDialog.h */ = {isa = PBXFileReference; fileEncoding = 4; lastKnownFileType = sourcecode.c.h; path = ASIAuthenticationDialog.h; sourceTree = "<group>"; };
		0104775B17DF25A800BDCCE0 /* ASIAuthenticationDialog.m */ = {isa = PBXFileReference; fileEncoding = 4; lastKnownFileType = sourcecode.c.objc; path = ASIAuthenticationDialog.m; sourceTree = "<group>"; };
		0104775C17DF25A800BDCCE0 /* ASICacheDelegate.h */ = {isa = PBXFileReference; fileEncoding = 4; lastKnownFileType = sourcecode.c.h; path = ASICacheDelegate.h; sourceTree = "<group>"; };
		0104775D17DF25A800BDCCE0 /* ASIDataCompressor.h */ = {isa = PBXFileReference; fileEncoding = 4; lastKnownFileType = sourcecode.c.h; path = ASIDataCompressor.h; sourceTree = "<group>"; };
		0104775E17DF25A800BDCCE0 /* ASIDataCompressor.m */ = {isa = PBXFileReference; fileEncoding = 4; lastKnownFileType = sourcecode.c.objc; path = ASIDataCompressor.m; sourceTree = "<group>"; };
		0104775F17DF25A800BDCCE0 /* ASIDataDecompressor.h */ = {isa = PBXFileReference; fileEncoding = 4; lastKnownFileType = sourcecode.c.h; path = ASIDataDecompressor.h; sourceTree = "<group>"; };
		0104776017DF25A800BDCCE0 /* ASIDataDecompressor.m */ = {isa = PBXFileReference; fileEncoding = 4; lastKnownFileType = sourcecode.c.objc; path = ASIDataDecompressor.m; sourceTree = "<group>"; };
		0104776117DF25A800BDCCE0 /* ASIDownloadCache.h */ = {isa = PBXFileReference; fileEncoding = 4; lastKnownFileType = sourcecode.c.h; path = ASIDownloadCache.h; sourceTree = "<group>"; };
		0104776217DF25A800BDCCE0 /* ASIDownloadCache.m */ = {isa = PBXFileReference; fileEncoding = 4; lastKnownFileType = sourcecode.c.objc; path = ASIDownloadCache.m; sourceTree = "<group>"; };
		0104776317DF25A800BDCCE0 /* ASIHTTPRequest.h */ = {isa = PBXFileReference; fileEncoding = 4; lastKnownFileType = sourcecode.c.h; path = ASIHTTPRequest.h; sourceTree = "<group>"; };
		0104776417DF25A800BDCCE0 /* ASIHTTPRequest.m */ = {isa = PBXFileReference; fileEncoding = 4; lastKnownFileType = sourcecode.c.objc; path = ASIHTTPRequest.m; sourceTree = "<group>"; };
		0104776517DF25A800BDCCE0 /* ASIHTTPRequestConfig.h */ = {isa = PBXFileReference; fileEncoding = 4; lastKnownFileType = sourcecode.c.h; path = ASIHTTPRequestConfig.h; sourceTree = "<group>"; };
		0104776617DF25A800BDCCE0 /* ASIHTTPRequestDelegate.h */ = {isa = PBXFileReference; fileEncoding = 4; lastKnownFileType = sourcecode.c.h; path = ASIHTTPRequestDelegate.h; sourceTree = "<group>"; };
		0104776717DF25A800BDCCE0 /* ASIInputStream.h */ = {isa = PBXFileReference; fileEncoding = 4; lastKnownFileType = sourcecode.c.h; path = ASIInputStream.h; sourceTree = "<group>"; };
		0104776817DF25A800BDCCE0 /* ASIInputStream.m */ = {isa = PBXFileReference; fileEncoding = 4; lastKnownFileType = sourcecode.c.objc; path = ASIInputStream.m; sourceTree = "<group>"; };
		0104776917DF25A800BDCCE0 /* ASINetworkQueue.h */ = {isa = PBXFileReference; fileEncoding = 4; lastKnownFileType = sourcecode.c.h; path = ASINetworkQueue.h; sourceTree = "<group>"; };
		0104776A17DF25A800BDCCE0 /* ASINetworkQueue.m */ = {isa = PBXFileReference; fileEncoding = 4; lastKnownFileType = sourcecode.c.objc; path = ASINetworkQueue.m; sourceTree = "<group>"; };
		0104776B17DF25A800BDCCE0 /* ASIProgressDelegate.h */ = {isa = PBXFileReference; fileEncoding = 4; lastKnownFileType = sourcecode.c.h; path = ASIProgressDelegate.h; sourceTree = "<group>"; };
		0104777317DF25D700BDCCE0 /* CFNetwork.framework */ = {isa = PBXFileReference; lastKnownFileType = wrapper.framework; name = CFNetwork.framework; path = System/Library/Frameworks/CFNetwork.framework; sourceTree = SDKROOT; };
		0104777517DF25DE00BDCCE0 /* MobileCoreServices.framework */ = {isa = PBXFileReference; lastKnownFileType = wrapper.framework; name = MobileCoreServices.framework; path = System/Library/Frameworks/MobileCoreServices.framework; sourceTree = SDKROOT; };
		0104777717DF25EE00BDCCE0 /* libz.dylib */ = {isa = PBXFileReference; lastKnownFileType = "compiled.mach-o.dylib"; name = libz.dylib; path = usr/lib/libz.dylib; sourceTree = SDKROOT; };
		012F11EA17E8517900AE73EB /* IndexViewController.h */ = {isa = PBXFileReference; fileEncoding = 4; lastKnownFileType = sourcecode.c.h; path = IndexViewController.h; sourceTree = "<group>"; };
		012F11EB17E8517900AE73EB /* IndexViewController.m */ = {isa = PBXFileReference; fileEncoding = 4; lastKnownFileType = sourcecode.c.objc; path = IndexViewController.m; sourceTree = "<group>"; };
		012F11EC17E8517900AE73EB /* aboutUSViewController.h */ = {isa = PBXFileReference; fileEncoding = 4; lastKnownFileType = sourcecode.c.h; path = aboutUSViewController.h; sourceTree = "<group>"; };
		012F11ED17E8517900AE73EB /* aboutUSViewController.m */ = {isa = PBXFileReference; fileEncoding = 4; lastKnownFileType = sourcecode.c.objc; path = aboutUSViewController.m; sourceTree = "<group>"; };
		012F11EE17E8517900AE73EB /* UserSetViewController.h */ = {isa = PBXFileReference; fileEncoding = 4; lastKnownFileType = sourcecode.c.h; path = UserSetViewController.h; sourceTree = "<group>"; };
		012F11EF17E8517900AE73EB /* UserSetViewController.m */ = {isa = PBXFileReference; fileEncoding = 4; lastKnownFileType = sourcecode.c.objc; path = UserSetViewController.m; sourceTree = "<group>"; };
		012F11F317E8526C00AE73EB /* SystemCheckViewController.h */ = {isa = PBXFileReference; fileEncoding = 4; lastKnownFileType = sourcecode.c.h; path = SystemCheckViewController.h; sourceTree = "<group>"; };
		012F11F417E8526C00AE73EB /* SystemCheckViewController.m */ = {isa = PBXFileReference; fileEncoding = 4; lastKnownFileType = sourcecode.c.objc; path = SystemCheckViewController.m; sourceTree = "<group>"; };
		012F120117E85C6900AE73EB /* UINavigationBar+TPCategory.h */ = {isa = PBXFileReference; fileEncoding = 4; lastKnownFileType = sourcecode.c.h; path = "UINavigationBar+TPCategory.h"; sourceTree = "<group>"; };
		012F120217E85C6900AE73EB /* UINavigationBar+TPCategory.m */ = {isa = PBXFileReference; fileEncoding = 4; lastKnownFileType = sourcecode.c.objc; path = "UINavigationBar+TPCategory.m"; sourceTree = "<group>"; };
		012F120417E85EE900AE73EB /* topbar_bg.jpg */ = {isa = PBXFileReference; lastKnownFileType = image.jpeg; path = topbar_bg.jpg; sourceTree = "<group>"; };
		014BDC1C17F18130001E716D /* TKLabelCell.h */ = {isa = PBXFileReference; fileEncoding = 4; lastKnownFileType = sourcecode.c.h; path = TKLabelCell.h; sourceTree = "<group>"; };
		014BDC1D17F18130001E716D /* TKLabelCell.m */ = {isa = PBXFileReference; fileEncoding = 4; lastKnownFileType = sourcecode.c.objc; path = TKLabelCell.m; sourceTree = "<group>"; };
		014BDC1E17F18130001E716D /* TKLabelFieldCell.h */ = {isa = PBXFileReference; fileEncoding = 4; lastKnownFileType = sourcecode.c.h; path = TKLabelFieldCell.h; sourceTree = "<group>"; };
		014BDC1F17F18130001E716D /* TKLabelFieldCell.m */ = {isa = PBXFileReference; fileEncoding = 4; lastKnownFileType = sourcecode.c.objc; path = TKLabelFieldCell.m; sourceTree = "<group>"; };
		014BDC2017F18130001E716D /* TKLabelSwitchCell.h */ = {isa = PBXFileReference; fileEncoding = 4; lastKnownFileType = sourcecode.c.h; path = TKLabelSwitchCell.h; sourceTree = "<group>"; };
		014BDC2117F18130001E716D /* TKLabelSwitchCell.m */ = {isa = PBXFileReference; fileEncoding = 4; lastKnownFileType = sourcecode.c.objc; path = TKLabelSwitchCell.m; sourceTree = "<group>"; };
		014BDC2217F18130001E716D /* TKLabelTextFieldCell.h */ = {isa = PBXFileReference; fileEncoding = 4; lastKnownFileType = sourcecode.c.h; path = TKLabelTextFieldCell.h; sourceTree = "<group>"; };
		014BDC2317F18130001E716D /* TKLabelTextFieldCell.m */ = {isa = PBXFileReference; fileEncoding = 4; lastKnownFileType = sourcecode.c.objc; path = TKLabelTextFieldCell.m; sourceTree = "<group>"; };
		014BDC2417F18130001E716D /* TKLabelTextViewCell.h */ = {isa = PBXFileReference; fileEncoding = 4; lastKnownFileType = sourcecode.c.h; path = TKLabelTextViewCell.h; sourceTree = "<group>"; };
		014BDC2517F18130001E716D /* TKLabelTextViewCell.m */ = {isa = PBXFileReference; fileEncoding = 4; lastKnownFileType = sourcecode.c.objc; path = TKLabelTextViewCell.m; sourceTree = "<group>"; };
		014BDC2B17F18202001E716D /* EMKeyboardBarTextField.h */ = {isa = PBXFileReference; fileEncoding = 4; lastKnownFileType = sourcecode.c.h; path = EMKeyboardBarTextField.h; sourceTree = "<group>"; };
		014BDC2C17F18202001E716D /* EMKeyboardBarTextField.m */ = {isa = PBXFileReference; fileEncoding = 4; lastKnownFileType = sourcecode.c.objc; path = EMKeyboardBarTextField.m; sourceTree = "<group>"; };
		014BDC2E17F1822E001E716D /* GCPlaceholderTextView.h */ = {isa = PBXFileReference; fileEncoding = 4; lastKnownFileType = sourcecode.c.h; path = GCPlaceholderTextView.h; sourceTree = "<group>"; };
		014BDC2F17F1822E001E716D /* GCPlaceholderTextView.m */ = {isa = PBXFileReference; fileEncoding = 4; lastKnownFileType = sourcecode.c.objc; path = GCPlaceholderTextView.m; sourceTree = "<group>"; };
		014BDC3217F182BA001E716D /* TKEmptyCell.h */ = {isa = PBXFileReference; fileEncoding = 4; lastKnownFileType = sourcecode.c.h; path = TKEmptyCell.h; sourceTree = "<group>"; };
		014BDC3317F182BA001E716D /* TKEmptyCell.m */ = {isa = PBXFileReference; fileEncoding = 4; lastKnownFileType = sourcecode.c.objc; path = TKEmptyCell.m; sourceTree = "<group>"; };
		01A7BFD017F1229200A2C03B /* LinearView.h */ = {isa = PBXFileReference; fileEncoding = 4; lastKnownFileType = sourcecode.c.h; path = LinearView.h; sourceTree = "<group>"; };
		01A7BFD117F1229200A2C03B /* LinearView.m */ = {isa = PBXFileReference; fileEncoding = 4; lastKnownFileType = sourcecode.c.objc; path = LinearView.m; sourceTree = "<group>"; };
		01A7BFDA17F1402800A2C03B /* LinearImage.h */ = {isa = PBXFileReference; fileEncoding = 4; lastKnownFileType = sourcecode.c.h; path = LinearImage.h; sourceTree = "<group>"; };
		01A7BFDB17F1402800A2C03B /* LinearImage.m */ = {isa = PBXFileReference; fileEncoding = 4; lastKnownFileType = sourcecode.c.objc; path = LinearImage.m; sourceTree = "<group>"; };
		01B5A60717DFF42F0076738C /* AnimateLoadView.h */ = {isa = PBXFileReference; fileEncoding = 4; lastKnownFileType = sourcecode.c.h; path = AnimateLoadView.h; sourceTree = "<group>"; };
		01B5A60817DFF42F0076738C /* AnimateLoadView.m */ = {isa = PBXFileReference; fileEncoding = 4; lastKnownFileType = sourcecode.c.objc; path = AnimateLoadView.m; sourceTree = "<group>"; };
		01B5A60917DFF42F0076738C /* AnimateErrorView.h */ = {isa = PBXFileReference; fileEncoding = 4; lastKnownFileType = sourcecode.c.h; path = AnimateErrorView.h; sourceTree = "<group>"; };
		01B5A60A17DFF42F0076738C /* AnimateErrorView.m */ = {isa = PBXFileReference; fileEncoding = 4; lastKnownFileType = sourcecode.c.objc; path = AnimateErrorView.m; sourceTree = "<group>"; };
		01B5A60F17DFF5270076738C /* error.png */ = {isa = PBXFileReference; lastKnownFileType = image.png; path = error.png; sourceTree = "<group>"; };
		01B5A61617E006CA0076738C /* NSData+TPCategory.h */ = {isa = PBXFileReference; fileEncoding = 4; lastKnownFileType = sourcecode.c.h; path = "NSData+TPCategory.h"; sourceTree = "<group>"; };
		01B5A61717E006CA0076738C /* NSData+TPCategory.m */ = {isa = PBXFileReference; fileEncoding = 4; lastKnownFileType = sourcecode.c.objc; path = "NSData+TPCategory.m"; sourceTree = "<group>"; };
		01B5A61917E006F20076738C /* UIImage+TPCategory.h */ = {isa = PBXFileReference; fileEncoding = 4; lastKnownFileType = sourcecode.c.h; path = "UIImage+TPCategory.h"; sourceTree = "<group>"; };
		01B5A61A17E006F20076738C /* UIImage+TPCategory.m */ = {isa = PBXFileReference; fileEncoding = 4; lastKnownFileType = sourcecode.c.objc; path = "UIImage+TPCategory.m"; sourceTree = "<group>"; };
		01B5A61C17E00BC90076738C /* UIColor+TPCategory.h */ = {isa = PBXFileReference; fileEncoding = 4; lastKnownFileType = sourcecode.c.h; path = "UIColor+TPCategory.h"; sourceTree = "<group>"; };
		01B5A61D17E00BC90076738C /* UIColor+TPCategory.m */ = {isa = PBXFileReference; fileEncoding = 4; lastKnownFileType = sourcecode.c.objc; path = "UIColor+TPCategory.m"; sourceTree = "<group>"; };
		01B5A61F17E00BF80076738C /* NSString+TPCategory.h */ = {isa = PBXFileReference; fileEncoding = 4; lastKnownFileType = sourcecode.c.h; path = "NSString+TPCategory.h"; sourceTree = "<group>"; };
		01B5A62017E00BF90076738C /* NSString+TPCategory.m */ = {isa = PBXFileReference; fileEncoding = 4; lastKnownFileType = sourcecode.c.objc; path = "NSString+TPCategory.m"; sourceTree = "<group>"; };
		01E5BD5E17F5782A0020A83E /* Global.h */ = {isa = PBXFileReference; fileEncoding = 4; lastKnownFileType = sourcecode.c.h; path = Global.h; sourceTree = "<group>"; };
		01E5BD6217F584260020A83E /* ZAActivityBar.bundle */ = {isa = PBXFileReference; lastKnownFileType = "wrapper.plug-in"; path = ZAActivityBar.bundle; sourceTree = "<group>"; };
		01E5BD6317F584260020A83E /* ZAActivityBar.h */ = {isa = PBXFileReference; fileEncoding = 4; lastKnownFileType = sourcecode.c.h; path = ZAActivityBar.h; sourceTree = "<group>"; };
		01E5BD6417F584260020A83E /* ZAActivityBar.m */ = {isa = PBXFileReference; fileEncoding = 4; lastKnownFileType = sourcecode.c.objc; path = ZAActivityBar.m; sourceTree = "<group>"; };
		01E5BD6717F584520020A83E /* SKBounceAnimation.h */ = {isa = PBXFileReference; fileEncoding = 4; lastKnownFileType = sourcecode.c.h; path = SKBounceAnimation.h; sourceTree = "<group>"; };
		01E5BD6817F584520020A83E /* SKBounceAnimation.m */ = {isa = PBXFileReference; fileEncoding = 4; lastKnownFileType = sourcecode.c.objc; path = SKBounceAnimation.m; sourceTree = "<group>"; };
		26A0ECB217EF2ADE009AF735 /* Icon_Activity@2x.png */ = {isa = PBXFileReference; lastKnownFileType = image.png; path = "Icon_Activity@2x.png"; sourceTree = "<group>"; };
		26A0ECB317EF2ADE009AF735 /* Icon_Explore@2x.png */ = {isa = PBXFileReference; lastKnownFileType = image.png; path = "Icon_Explore@2x.png"; sourceTree = "<group>"; };
		26A0ECB417EF2ADE009AF735 /* Icon_Home@2x.png */ = {isa = PBXFileReference; lastKnownFileType = image.png; path = "Icon_Home@2x.png"; sourceTree = "<group>"; };
		26A0ECB517EF2ADE009AF735 /* Icon_Profile@2x.png */ = {isa = PBXFileReference; lastKnownFileType = image.png; path = "Icon_Profile@2x.png"; sourceTree = "<group>"; };
		26A0ECB617EF2ADE009AF735 /* Icon_Activity.png */ = {isa = PBXFileReference; lastKnownFileType = image.png; path = Icon_Activity.png; sourceTree = "<group>"; };
		26A0ECB717EF2ADE009AF735 /* Icon_Explore.png */ = {isa = PBXFileReference; lastKnownFileType = image.png; path = Icon_Explore.png; sourceTree = "<group>"; };
		26A0ECB817EF2ADE009AF735 /* Icon_Home.png */ = {isa = PBXFileReference; lastKnownFileType = image.png; path = Icon_Home.png; sourceTree = "<group>"; };
		26A0ECB917EF2ADE009AF735 /* Icon_Profile.png */ = {isa = PBXFileReference; lastKnownFileType = image.png; path = Icon_Profile.png; sourceTree = "<group>"; };
		26A0ECC317EF2B13009AF735 /* REMenu.h */ = {isa = PBXFileReference; fileEncoding = 4; lastKnownFileType = sourcecode.c.h; path = REMenu.h; sourceTree = "<group>"; };
		26A0ECC417EF2B13009AF735 /* REMenu.m */ = {isa = PBXFileReference; fileEncoding = 4; lastKnownFileType = sourcecode.c.objc; path = REMenu.m; sourceTree = "<group>"; };
		26A0ECC517EF2B13009AF735 /* REMenuContainerView.h */ = {isa = PBXFileReference; fileEncoding = 4; lastKnownFileType = sourcecode.c.h; path = REMenuContainerView.h; sourceTree = "<group>"; };
		26A0ECC617EF2B13009AF735 /* REMenuContainerView.m */ = {isa = PBXFileReference; fileEncoding = 4; lastKnownFileType = sourcecode.c.objc; path = REMenuContainerView.m; sourceTree = "<group>"; };
		26A0ECC717EF2B13009AF735 /* REMenuItem.h */ = {isa = PBXFileReference; fileEncoding = 4; lastKnownFileType = sourcecode.c.h; path = REMenuItem.h; sourceTree = "<group>"; };
		26A0ECC817EF2B13009AF735 /* REMenuItem.m */ = {isa = PBXFileReference; fileEncoding = 4; lastKnownFileType = sourcecode.c.objc; path = REMenuItem.m; sourceTree = "<group>"; };
		26A0ECC917EF2B13009AF735 /* REMenuItemView.h */ = {isa = PBXFileReference; fileEncoding = 4; lastKnownFileType = sourcecode.c.h; path = REMenuItemView.h; sourceTree = "<group>"; };
		26A0ECCA17EF2B13009AF735 /* REMenuItemView.m */ = {isa = PBXFileReference; fileEncoding = 4; lastKnownFileType = sourcecode.c.objc; path = REMenuItemView.m; sourceTree = "<group>"; };
		26A0ECD017EF2B20009AF735 /* MMDrawerBarButtonItem.h */ = {isa = PBXFileReference; fileEncoding = 4; lastKnownFileType = sourcecode.c.h; path = MMDrawerBarButtonItem.h; sourceTree = "<group>"; };
		26A0ECD117EF2B20009AF735 /* MMDrawerBarButtonItem.m */ = {isa = PBXFileReference; fileEncoding = 4; lastKnownFileType = sourcecode.c.objc; path = MMDrawerBarButtonItem.m; sourceTree = "<group>"; };
		26A0ECD317EF2B8D009AF735 /* MainViewController.h */ = {isa = PBXFileReference; fileEncoding = 4; lastKnownFileType = sourcecode.c.h; path = MainViewController.h; sourceTree = "<group>"; };
		26A0ECD417EF2B8D009AF735 /* MainViewController.m */ = {isa = PBXFileReference; fileEncoding = 4; lastKnownFileType = sourcecode.c.objc; path = MainViewController.m; sourceTree = "<group>"; };
		26A0ECD717EF2E9B009AF735 /* about_normal.png */ = {isa = PBXFileReference; lastKnownFileType = image.png; path = about_normal.png; sourceTree = "<group>"; };
		26A0ECD817EF2E9B009AF735 /* about_select.png */ = {isa = PBXFileReference; lastKnownFileType = image.png; path = about_select.png; sourceTree = "<group>"; };
		26A0ECD917EF2E9B009AF735 /* index_normal.png */ = {isa = PBXFileReference; lastKnownFileType = image.png; path = index_normal.png; sourceTree = "<group>"; };
		26A0ECDA17EF2E9B009AF735 /* index_select.png */ = {isa = PBXFileReference; lastKnownFileType = image.png; path = index_select.png; sourceTree = "<group>"; };
		26A0ECDB17EF2E9B009AF735 /* system_normal.png */ = {isa = PBXFileReference; lastKnownFileType = image.png; path = system_normal.png; sourceTree = "<group>"; };
		26A0ECDC17EF2E9B009AF735 /* system_select.png */ = {isa = PBXFileReference; lastKnownFileType = image.png; path = system_select.png; sourceTree = "<group>"; };
		26A0ECDD17EF2E9B009AF735 /* user_normal.png */ = {isa = PBXFileReference; lastKnownFileType = image.png; path = user_normal.png; sourceTree = "<group>"; };
		26A0ECDE17EF2E9B009AF735 /* user_select.png */ = {isa = PBXFileReference; lastKnownFileType = image.png; path = user_select.png; sourceTree = "<group>"; };
		26A0ECE717EF343F009AF735 /* Entitlements.plist */ = {isa = PBXFileReference; fileEncoding = 4; lastKnownFileType = text.plist.xml; path = Entitlements.plist; sourceTree = "<group>"; };
		26A5877017F7C61900850DED /* logo.png */ = {isa = PBXFileReference; lastKnownFileType = image.png; path = logo.png; sourceTree = "<group>"; };
		26A5877217F7C6EC00850DED /* UINavigationItem+TPCategory.h */ = {isa = PBXFileReference; fileEncoding = 4; lastKnownFileType = sourcecode.c.h; path = "UINavigationItem+TPCategory.h"; sourceTree = "<group>"; };
		26A5877317F7C6EC00850DED /* UINavigationItem+TPCategory.m */ = {isa = PBXFileReference; fileEncoding = 4; lastKnownFileType = sourcecode.c.objc; path = "UINavigationItem+TPCategory.m"; sourceTree = "<group>"; };
		26A5877517F7C8CD00850DED /* Privacy.txt */ = {isa = PBXFileReference; fileEncoding = 4; lastKnownFileType = text; path = Privacy.txt; sourceTree = "<group>"; };
		26A5877817F7C98400850DED /* UserSet.h */ = {isa = PBXFileReference; fileEncoding = 4; lastKnownFileType = sourcecode.c.h; path = UserSet.h; sourceTree = "<group>"; };
		26A5877917F7C98400850DED /* UserSet.m */ = {isa = PBXFileReference; fileEncoding = 4; lastKnownFileType = sourcecode.c.objc; path = UserSet.m; sourceTree = "<group>"; };
		26A5877B17F7CAF600850DED /* SecrecyViewController.h */ = {isa = PBXFileReference; fileEncoding = 4; lastKnownFileType = sourcecode.c.h; path = SecrecyViewController.h; sourceTree = "<group>"; };
		26A5877C17F7CAF600850DED /* SecrecyViewController.m */ = {isa = PBXFileReference; fileEncoding = 4; lastKnownFileType = sourcecode.c.objc; path = SecrecyViewController.m; sourceTree = "<group>"; };
		26A5877F17F7D89200850DED /* RepairItemViewController.h */ = {isa = PBXFileReference; fileEncoding = 4; lastKnownFileType = sourcecode.c.h; path = RepairItemViewController.h; sourceTree = "<group>"; };
		26A5878017F7D89200850DED /* RepairItemViewController.m */ = {isa = PBXFileReference; fileEncoding = 4; lastKnownFileType = sourcecode.c.objc; path = RepairItemViewController.m; sourceTree = "<group>"; };
		26A5878217F7DAC300850DED /* BusinessAreaViewController.h */ = {isa = PBXFileReference; fileEncoding = 4; lastKnownFileType = sourcecode.c.h; path = BusinessAreaViewController.h; sourceTree = "<group>"; };
		26A5878317F7DAC300850DED /* BusinessAreaViewController.m */ = {isa = PBXFileReference; fileEncoding = 4; lastKnownFileType = sourcecode.c.objc; path = BusinessAreaViewController.m; sourceTree = "<group>"; };
		26A5878517F7DD0200850DED /* UIDevice+TPCategory.h */ = {isa = PBXFileReference; fileEncoding = 4; lastKnownFileType = sourcecode.c.h; path = "UIDevice+TPCategory.h"; sourceTree = "<group>"; };
		26A5878617F7DD0200850DED /* UIDevice+TPCategory.m */ = {isa = PBXFileReference; fileEncoding = 4; lastKnownFileType = sourcecode.c.objc; path = "UIDevice+TPCategory.m"; sourceTree = "<group>"; };
		26A5878C17F7E76200850DED /* fk_01.jpg */ = {isa = PBXFileReference; lastKnownFileType = image.jpeg; path = fk_01.jpg; sourceTree = "<group>"; };
		26A5878D17F7E76200850DED /* fk_02.jpg */ = {isa = PBXFileReference; lastKnownFileType = image.jpeg; path = fk_02.jpg; sourceTree = "<group>"; };
		26A5878E17F7E76200850DED /* fk_03.jpg */ = {isa = PBXFileReference; lastKnownFileType = image.jpeg; path = fk_03.jpg; sourceTree = "<group>"; };
		26A5878F17F7E76200850DED /* fk_04.jpg */ = {isa = PBXFileReference; lastKnownFileType = image.jpeg; path = fk_04.jpg; sourceTree = "<group>"; };
		26A5879017F7E76200850DED /* fk_05.jpg */ = {isa = PBXFileReference; lastKnownFileType = image.jpeg; path = fk_05.jpg; sourceTree = "<group>"; };
		26A5879117F7E76200850DED /* fk_06.jpg */ = {isa = PBXFileReference; lastKnownFileType = image.jpeg; path = fk_06.jpg; sourceTree = "<group>"; };
		26A5879217F7E76200850DED /* fk_07.jpg */ = {isa = PBXFileReference; lastKnownFileType = image.jpeg; path = fk_07.jpg; sourceTree = "<group>"; };
		26A5879317F7E76200850DED /* fk_08.jpg */ = {isa = PBXFileReference; lastKnownFileType = image.jpeg; path = fk_08.jpg; sourceTree = "<group>"; };
		26A587E817F81BC300850DED /* search@2x.png */ = {isa = PBXFileReference; lastKnownFileType = image.png; path = "search@2x.png"; sourceTree = "<group>"; };
		26A587EA17F81CB500850DED /* search.png */ = {isa = PBXFileReference; lastKnownFileType = image.png; path = search.png; sourceTree = "<group>"; };
		26A587EC17F81F3500850DED /* CaseSearchViewController.h */ = {isa = PBXFileReference; fileEncoding = 4; lastKnownFileType = sourcecode.c.h; path = CaseSearchViewController.h; sourceTree = "<group>"; };
		26A587ED17F81F3500850DED /* CaseSearchViewController.m */ = {isa = PBXFileReference; fileEncoding = 4; lastKnownFileType = sourcecode.c.objc; path = CaseSearchViewController.m; sourceTree = "<group>"; };
		26A587EF17F81F4D00850DED /* PushViewController.h */ = {isa = PBXFileReference; fileEncoding = 4; lastKnownFileType = sourcecode.c.h; path = PushViewController.h; sourceTree = "<group>"; };
		26A587F017F81F4D00850DED /* PushViewController.m */ = {isa = PBXFileReference; fileEncoding = 4; lastKnownFileType = sourcecode.c.objc; path = PushViewController.m; sourceTree = "<group>"; };
		26A5BA5C17F072AC00A13AC6 /* aboutUs.txt */ = {isa = PBXFileReference; fileEncoding = 4; lastKnownFileType = text; path = aboutUs.txt; sourceTree = "<group>"; };
		26A5BA6117F079A800A13AC6 /* CoreText.framework */ = {isa = PBXFileReference; lastKnownFileType = wrapper.framework; name = CoreText.framework; path = System/Library/Frameworks/CoreText.framework; sourceTree = SDKROOT; };
		26A5BA6517F0887900A13AC6 /* RTLabel.h */ = {isa = PBXFileReference; fileEncoding = 4; lastKnownFileType = sourcecode.c.h; path = RTLabel.h; sourceTree = "<group>"; };
		26A5BA6617F0887900A13AC6 /* RTLabel.m */ = {isa = PBXFileReference; fileEncoding = 4; lastKnownFileType = sourcecode.c.objc; path = RTLabel.m; sourceTree = "<group>"; };
/* End PBXFileReference section */

/* Begin PBXFrameworksBuildPhase section */
		010476D317DF1A0A00BDCCE0 /* Frameworks */ = {
			isa = PBXFrameworksBuildPhase;
			buildActionMask = 2147483647;
			files = (
				26A5BA6217F079A800A13AC6 /* CoreText.framework in Frameworks */,
				0104777817DF25EE00BDCCE0 /* libz.dylib in Frameworks */,
				0104777617DF25DE00BDCCE0 /* MobileCoreServices.framework in Frameworks */,
				0104777417DF25D800BDCCE0 /* CFNetwork.framework in Frameworks */,
				0104775617DF23E000BDCCE0 /* SystemConfiguration.framework in Frameworks */,
				0104774817DF20E200BDCCE0 /* libxml2.dylib in Frameworks */,
				0104773617DF1F6E00BDCCE0 /* QuartzCore.framework in Frameworks */,
				010476DB17DF1A0A00BDCCE0 /* UIKit.framework in Frameworks */,
				010476DD17DF1A0A00BDCCE0 /* Foundation.framework in Frameworks */,
				010476DF17DF1A0A00BDCCE0 /* CoreGraphics.framework in Frameworks */,
			);
			runOnlyForDeploymentPostprocessing = 0;
		};
/* End PBXFrameworksBuildPhase section */

/* Begin PBXGroup section */
		010476CB17DF1A0A00BDCCE0 = {
			isa = PBXGroup;
			children = (
				26A0ECE717EF343F009AF735 /* Entitlements.plist */,
				010476E017DF1A0A00BDCCE0 /* Eland */,
				010476D917DF1A0A00BDCCE0 /* Frameworks */,
				010476D717DF1A0A00BDCCE0 /* Products */,
			);
			sourceTree = "<group>";
		};
		010476D717DF1A0A00BDCCE0 /* Products */ = {
			isa = PBXGroup;
			children = (
				010476D617DF1A0A00BDCCE0 /* Eland.app */,
			);
			name = Products;
			sourceTree = "<group>";
		};
		010476D917DF1A0A00BDCCE0 /* Frameworks */ = {
			isa = PBXGroup;
			children = (
				26A5BA6117F079A800A13AC6 /* CoreText.framework */,
				0104777717DF25EE00BDCCE0 /* libz.dylib */,
				0104777517DF25DE00BDCCE0 /* MobileCoreServices.framework */,
				0104777317DF25D700BDCCE0 /* CFNetwork.framework */,
				0104775517DF23E000BDCCE0 /* SystemConfiguration.framework */,
				0104774717DF20E200BDCCE0 /* libxml2.dylib */,
				0104773517DF1F6E00BDCCE0 /* QuartzCore.framework */,
				010476DA17DF1A0A00BDCCE0 /* UIKit.framework */,
				010476DC17DF1A0A00BDCCE0 /* Foundation.framework */,
				010476DE17DF1A0A00BDCCE0 /* CoreGraphics.framework */,
			);
			name = Frameworks;
			sourceTree = "<group>";
		};
		010476E017DF1A0A00BDCCE0 /* Eland */ = {
			isa = PBXGroup;
			children = (
				0104770217DF1A2D00BDCCE0 /* Views */,
				0104770017DF1A1500BDCCE0 /* Class */,
				010476E917DF1A0A00BDCCE0 /* AppDelegate.h */,
				010476EA17DF1A0A00BDCCE0 /* AppDelegate.m */,
				010476F217DF1A0A00BDCCE0 /* ViewController.h */,
				010476F317DF1A0A00BDCCE0 /* ViewController.m */,
				010476F517DF1A0A00BDCCE0 /* ViewController_iPhone.xib */,
				010476F817DF1A0A00BDCCE0 /* ViewController_iPad.xib */,
				010476E117DF1A0A00BDCCE0 /* Supporting Files */,
			);
			path = Eland;
			sourceTree = "<group>";
		};
		010476E117DF1A0A00BDCCE0 /* Supporting Files */ = {
			isa = PBXGroup;
			children = (
				26A5BA5B17F072A100A13AC6 /* Source */,
				01B5A60E17DFF5110076738C /* images */,
				010476E217DF1A0A00BDCCE0 /* Eland-Info.plist */,
				010476E317DF1A0A00BDCCE0 /* InfoPlist.strings */,
				010476E617DF1A0A00BDCCE0 /* main.m */,
				010476E817DF1A0A00BDCCE0 /* Eland-Prefix.pch */,
				010476EC17DF1A0A00BDCCE0 /* Default.png */,
				010476EE17DF1A0A00BDCCE0 /* Default@2x.png */,
				010476F017DF1A0A00BDCCE0 /* Default-568h@2x.png */,
			);
			name = "Supporting Files";
			sourceTree = "<group>";
		};
		0104770017DF1A1500BDCCE0 /* Class */ = {
			isa = PBXGroup;
			children = (
				26A5877717F7C92B00850DED /* Modle */,
				01E5BD5D17F577FA0020A83E /* Uitils */,
				0104770117DF1A2100BDCCE0 /* UI */,
				01B5A61517E006B80076738C /* Category */,
				0104770B17DF1D2E00BDCCE0 /* Common */,
				0104770417DF1A5F00BDCCE0 /* Data */,
				0104770317DF1A4000BDCCE0 /* lib */,
			);
			name = Class;
			sourceTree = "<group>";
		};
		0104770117DF1A2100BDCCE0 /* UI */ = {
			isa = PBXGroup;
			children = (
				014BDC1A17F1808B001E716D /* Cell */,
				01A7BFD417F138C100A2C03B /* Linear */,
				26A5BA5A17F0713E00A13AC6 /* Label */,
				26A0ECCF17EF2B20009AF735 /* MMDrawerController */,
				26A0ECC217EF2B13009AF735 /* REMenu */,
			);
			name = UI;
			sourceTree = "<group>";
		};
		0104770217DF1A2D00BDCCE0 /* Views */ = {
			isa = PBXGroup;
			children = (
				26A5877E17F7D86200850DED /* Menu */,
				014BDC1517F17BC8001E716D /* Push */,
				014BDC1417F17BB0001E716D /* Case */,
				014BDC1217F17BA5001E716D /* Search */,
				012F11E217E850F200AE73EB /* Index */,
			);
			name = Views;
			sourceTree = "<group>";
		};
		0104770317DF1A4000BDCCE0 /* lib */ = {
			isa = PBXGroup;
			children = (
				01E5BD6117F584260020A83E /* ZAActivityBar */,
				0104775917DF25A800BDCCE0 /* ASIHttpRequest */,
				0104775117DF233F00BDCCE0 /* Reachability */,
				0104773B17DF20CB00BDCCE0 /* GDataXML */,
				0104771217DF1EF600BDCCE0 /* WBNoticeView */,
				0104775717DF243D00BDCCE0 /* ReadMe.rtf */,
			);
			name = lib;
			sourceTree = "<group>";
		};
		0104770417DF1A5F00BDCCE0 /* Data */ = {
			isa = PBXGroup;
			children = (
				0104770717DF1A8200BDCCE0 /* DAL */,
				0104770617DF1A7800BDCCE0 /* BLL */,
				0104770517DF1A6800BDCCE0 /* Modle */,
			);
			name = Data;
			sourceTree = "<group>";
		};
		0104770517DF1A6800BDCCE0 /* Modle */ = {
			isa = PBXGroup;
			children = (
				26A5877817F7C98400850DED /* UserSet.h */,
				26A5877917F7C98400850DED /* UserSet.m */,
			);
			name = Modle;
			sourceTree = "<group>";
		};
		0104770617DF1A7800BDCCE0 /* BLL */ = {
			isa = PBXGroup;
			children = (
			);
			name = BLL;
			sourceTree = "<group>";
		};
		0104770717DF1A8200BDCCE0 /* DAL */ = {
			isa = PBXGroup;
			children = (
			);
			name = DAL;
			sourceTree = "<group>";
		};
		0104770B17DF1D2E00BDCCE0 /* Common */ = {
			isa = PBXGroup;
			children = (
				01B5A61117DFF5450076738C /* Basic */,
			);
			name = Common;
			sourceTree = "<group>";
		};
		0104771217DF1EF600BDCCE0 /* WBNoticeView */ = {
			isa = PBXGroup;
			children = (
				0104771317DF1EF600BDCCE0 /* NoticeView.bundle */,
				0104771417DF1EF600BDCCE0 /* NSOperationQueue+WBNoticeExtensions.h */,
				0104771517DF1EF600BDCCE0 /* NSOperationQueue+WBNoticeExtensions.m */,
				0104771617DF1EF600BDCCE0 /* UILabel+WBExtensions.h */,
				0104771717DF1EF600BDCCE0 /* UILabel+WBExtensions.m */,
				0104771817DF1EF600BDCCE0 /* WBBlueGradientView.h */,
				0104771917DF1EF600BDCCE0 /* WBBlueGradientView.m */,
				0104771A17DF1EF600BDCCE0 /* WBErrorNoticeView.h */,
				0104771B17DF1EF600BDCCE0 /* WBErrorNoticeView.m */,
				0104771C17DF1EF600BDCCE0 /* WBGrayGradientView.h */,
				0104771D17DF1EF600BDCCE0 /* WBGrayGradientView.m */,
				0104771E17DF1EF600BDCCE0 /* WBNoticeOperation.h */,
				0104771F17DF1EF600BDCCE0 /* WBNoticeOperation.m */,
				0104772017DF1EF600BDCCE0 /* WBNoticeView+ForSubclassEyesOnly.h */,
				0104772117DF1EF600BDCCE0 /* WBNoticeView.h */,
				0104772217DF1EF600BDCCE0 /* WBNoticeView.m */,
				0104772317DF1EF600BDCCE0 /* WBRedGradientView.h */,
				0104772417DF1EF600BDCCE0 /* WBRedGradientView.m */,
				0104772517DF1EF600BDCCE0 /* WBStickyNoticeView.h */,
				0104772617DF1EF600BDCCE0 /* WBStickyNoticeView.m */,
				0104772717DF1EF600BDCCE0 /* WBSuccessNoticeView.h */,
				0104772817DF1EF600BDCCE0 /* WBSuccessNoticeView.m */,
			);
			path = WBNoticeView;
			sourceTree = "<group>";
		};
		0104773B17DF20CB00BDCCE0 /* GDataXML */ = {
			isa = PBXGroup;
			children = (
				0104773C17DF20CB00BDCCE0 /* GDataDefines.h */,
				0104773D17DF20CB00BDCCE0 /* GDataTargetNamespace.h */,
				0104773E17DF20CB00BDCCE0 /* GDataXMLNode.h */,
				0104773F17DF20CB00BDCCE0 /* GDataXMLNode.m */,
				0104774017DF20CB00BDCCE0 /* XmlNode.h */,
				0104774117DF20CB00BDCCE0 /* XmlNode.m */,
				0104774217DF20CB00BDCCE0 /* XmlParseHelper.h */,
				0104774317DF20CB00BDCCE0 /* XmlParseHelper.m */,
			);
			path = GDataXML;
			sourceTree = "<group>";
		};
		0104775117DF233F00BDCCE0 /* Reachability */ = {
			isa = PBXGroup;
			children = (
				0104775217DF233F00BDCCE0 /* Reachability.h */,
				0104775317DF233F00BDCCE0 /* Reachability.m */,
			);
			path = Reachability;
			sourceTree = "<group>";
		};
		0104775917DF25A800BDCCE0 /* ASIHttpRequest */ = {
			isa = PBXGroup;
			children = (
				0104775A17DF25A800BDCCE0 /* ASIAuthenticationDialog.h */,
				0104775B17DF25A800BDCCE0 /* ASIAuthenticationDialog.m */,
				0104775C17DF25A800BDCCE0 /* ASICacheDelegate.h */,
				0104775D17DF25A800BDCCE0 /* ASIDataCompressor.h */,
				0104775E17DF25A800BDCCE0 /* ASIDataCompressor.m */,
				0104775F17DF25A800BDCCE0 /* ASIDataDecompressor.h */,
				0104776017DF25A800BDCCE0 /* ASIDataDecompressor.m */,
				0104776117DF25A800BDCCE0 /* ASIDownloadCache.h */,
				0104776217DF25A800BDCCE0 /* ASIDownloadCache.m */,
				0104776317DF25A800BDCCE0 /* ASIHTTPRequest.h */,
				0104776417DF25A800BDCCE0 /* ASIHTTPRequest.m */,
				0104776517DF25A800BDCCE0 /* ASIHTTPRequestConfig.h */,
				0104776617DF25A800BDCCE0 /* ASIHTTPRequestDelegate.h */,
				0104776717DF25A800BDCCE0 /* ASIInputStream.h */,
				0104776817DF25A800BDCCE0 /* ASIInputStream.m */,
				0104776917DF25A800BDCCE0 /* ASINetworkQueue.h */,
				0104776A17DF25A800BDCCE0 /* ASINetworkQueue.m */,
				0104776B17DF25A800BDCCE0 /* ASIProgressDelegate.h */,
			);
			path = ASIHttpRequest;
			sourceTree = "<group>";
		};
		012F11E217E850F200AE73EB /* Index */ = {
			isa = PBXGroup;
			children = (
				26A5877B17F7CAF600850DED /* SecrecyViewController.h */,
				26A5877C17F7CAF600850DED /* SecrecyViewController.m */,
				26A0ECD317EF2B8D009AF735 /* MainViewController.h */,
				26A0ECD417EF2B8D009AF735 /* MainViewController.m */,
				012F11EA17E8517900AE73EB /* IndexViewController.h */,
				012F11EB17E8517900AE73EB /* IndexViewController.m */,
				012F11EC17E8517900AE73EB /* aboutUSViewController.h */,
				012F11ED17E8517900AE73EB /* aboutUSViewController.m */,
				012F11EE17E8517900AE73EB /* UserSetViewController.h */,
				012F11EF17E8517900AE73EB /* UserSetViewController.m */,
				012F11F317E8526C00AE73EB /* SystemCheckViewController.h */,
				012F11F417E8526C00AE73EB /* SystemCheckViewController.m */,
			);
			name = Index;
			sourceTree = "<group>";
		};
		014BDC1217F17BA5001E716D /* Search */ = {
			isa = PBXGroup;
			children = (
				26A587EC17F81F3500850DED /* CaseSearchViewController.h */,
				26A587ED17F81F3500850DED /* CaseSearchViewController.m */,
			);
			name = Search;
			sourceTree = "<group>";
		};
		014BDC1417F17BB0001E716D /* Case */ = {
			isa = PBXGroup;
			children = (
			);
			name = Case;
			sourceTree = "<group>";
		};
		014BDC1517F17BC8001E716D /* Push */ = {
			isa = PBXGroup;
			children = (
				26A587EF17F81F4D00850DED /* PushViewController.h */,
				26A587F017F81F4D00850DED /* PushViewController.m */,
			);
			name = Push;
			sourceTree = "<group>";
		};
		014BDC1A17F1808B001E716D /* Cell */ = {
			isa = PBXGroup;
			children = (
				014BDC3117F18233001E716D /* Common */,
				014BDC1B17F180F2001E716D /* Label */,
			);
			name = Cell;
			sourceTree = "<group>";
		};
		014BDC1B17F180F2001E716D /* Label */ = {
			isa = PBXGroup;
			children = (
				014BDC1C17F18130001E716D /* TKLabelCell.h */,
				014BDC1D17F18130001E716D /* TKLabelCell.m */,
				014BDC1E17F18130001E716D /* TKLabelFieldCell.h */,
				014BDC1F17F18130001E716D /* TKLabelFieldCell.m */,
				014BDC2017F18130001E716D /* TKLabelSwitchCell.h */,
				014BDC2117F18130001E716D /* TKLabelSwitchCell.m */,
				014BDC2217F18130001E716D /* TKLabelTextFieldCell.h */,
				014BDC2317F18130001E716D /* TKLabelTextFieldCell.m */,
				014BDC2417F18130001E716D /* TKLabelTextViewCell.h */,
				014BDC2517F18130001E716D /* TKLabelTextViewCell.m */,
			);
			name = Label;
			sourceTree = "<group>";
		};
		014BDC3117F18233001E716D /* Common */ = {
			isa = PBXGroup;
			children = (
				014BDC3217F182BA001E716D /* TKEmptyCell.h */,
				014BDC3317F182BA001E716D /* TKEmptyCell.m */,
				014BDC2E17F1822E001E716D /* GCPlaceholderTextView.h */,
				014BDC2F17F1822E001E716D /* GCPlaceholderTextView.m */,
				014BDC2B17F18202001E716D /* EMKeyboardBarTextField.h */,
				014BDC2C17F18202001E716D /* EMKeyboardBarTextField.m */,
			);
			name = Common;
			sourceTree = "<group>";
		};
		01A7BFD417F138C100A2C03B /* Linear */ = {
			isa = PBXGroup;
			children = (
				01A7BFD017F1229200A2C03B /* LinearView.h */,
				01A7BFD117F1229200A2C03B /* LinearView.m */,
				01A7BFDA17F1402800A2C03B /* LinearImage.h */,
				01A7BFDB17F1402800A2C03B /* LinearImage.m */,
			);
			name = Linear;
			sourceTree = "<group>";
		};
		01B5A60E17DFF5110076738C /* images */ = {
			isa = PBXGroup;
			children = (
				26A587EA17F81CB500850DED /* search.png */,
				26A587E817F81BC300850DED /* search@2x.png */,
				26A5878B17F7E74400850DED /* RepairItem */,
				26A5877017F7C61900850DED /* logo.png */,
				26A0ECD617EF2E6D009AF735 /* TabBarItemBg */,
				26A0ECB117EF2AD4009AF735 /* Menu */,
				012F120417E85EE900AE73EB /* topbar_bg.jpg */,
				01B5A60F17DFF5270076738C /* error.png */,
			);
			name = images;
			sourceTree = "<group>";
		};
		01B5A61117DFF5450076738C /* Basic */ = {
			isa = PBXGroup;
			children = (
				01B5A60717DFF42F0076738C /* AnimateLoadView.h */,
				01B5A60817DFF42F0076738C /* AnimateLoadView.m */,
				01B5A60917DFF42F0076738C /* AnimateErrorView.h */,
				01B5A60A17DFF42F0076738C /* AnimateErrorView.m */,
				0104770C17DF1D5000BDCCE0 /* BasicViewController.h */,
				0104770D17DF1D5000BDCCE0 /* BasicViewController.m */,
			);
			name = Basic;
			sourceTree = "<group>";
		};
		01B5A61517E006B80076738C /* Category */ = {
			isa = PBXGroup;
			children = (
				26A5878517F7DD0200850DED /* UIDevice+TPCategory.h */,
				26A5878617F7DD0200850DED /* UIDevice+TPCategory.m */,
				26A5877217F7C6EC00850DED /* UINavigationItem+TPCategory.h */,
				26A5877317F7C6EC00850DED /* UINavigationItem+TPCategory.m */,
				012F120117E85C6900AE73EB /* UINavigationBar+TPCategory.h */,
				012F120217E85C6900AE73EB /* UINavigationBar+TPCategory.m */,
				01B5A61F17E00BF80076738C /* NSString+TPCategory.h */,
				01B5A62017E00BF90076738C /* NSString+TPCategory.m */,
				01B5A61C17E00BC90076738C /* UIColor+TPCategory.h */,
				01B5A61D17E00BC90076738C /* UIColor+TPCategory.m */,
				01B5A61917E006F20076738C /* UIImage+TPCategory.h */,
				01B5A61A17E006F20076738C /* UIImage+TPCategory.m */,
				01B5A61617E006CA0076738C /* NSData+TPCategory.h */,
				01B5A61717E006CA0076738C /* NSData+TPCategory.m */,
			);
			name = Category;
			sourceTree = "<group>";
		};
		01E5BD5D17F577FA0020A83E /* Uitils */ = {
			isa = PBXGroup;
			children = (
				01E5BD5E17F5782A0020A83E /* Global.h */,
			);
			name = Uitils;
			sourceTree = "<group>";
		};
		01E5BD6117F584260020A83E /* ZAActivityBar */ = {
			isa = PBXGroup;
			children = (
				01E5BD6717F584520020A83E /* SKBounceAnimation.h */,
				01E5BD6817F584520020A83E /* SKBounceAnimation.m */,
				01E5BD6217F584260020A83E /* ZAActivityBar.bundle */,
				01E5BD6317F584260020A83E /* ZAActivityBar.h */,
				01E5BD6417F584260020A83E /* ZAActivityBar.m */,
			);
			path = ZAActivityBar;
			sourceTree = "<group>";
		};
		26A0ECB117EF2AD4009AF735 /* Menu */ = {
			isa = PBXGroup;
			children = (
				26A0ECB217EF2ADE009AF735 /* Icon_Activity@2x.png */,
				26A0ECB317EF2ADE009AF735 /* Icon_Explore@2x.png */,
				26A0ECB417EF2ADE009AF735 /* Icon_Home@2x.png */,
				26A0ECB517EF2ADE009AF735 /* Icon_Profile@2x.png */,
				26A0ECB617EF2ADE009AF735 /* Icon_Activity.png */,
				26A0ECB717EF2ADE009AF735 /* Icon_Explore.png */,
				26A0ECB817EF2ADE009AF735 /* Icon_Home.png */,
				26A0ECB917EF2ADE009AF735 /* Icon_Profile.png */,
			);
			name = Menu;
			sourceTree = "<group>";
		};
		26A0ECC217EF2B13009AF735 /* REMenu */ = {
			isa = PBXGroup;
			children = (
				26A0ECC317EF2B13009AF735 /* REMenu.h */,
				26A0ECC417EF2B13009AF735 /* REMenu.m */,
				26A0ECC517EF2B13009AF735 /* REMenuContainerView.h */,
				26A0ECC617EF2B13009AF735 /* REMenuContainerView.m */,
				26A0ECC717EF2B13009AF735 /* REMenuItem.h */,
				26A0ECC817EF2B13009AF735 /* REMenuItem.m */,
				26A0ECC917EF2B13009AF735 /* REMenuItemView.h */,
				26A0ECCA17EF2B13009AF735 /* REMenuItemView.m */,
			);
			path = REMenu;
			sourceTree = "<group>";
		};
		26A0ECCF17EF2B20009AF735 /* MMDrawerController */ = {
			isa = PBXGroup;
			children = (
				26A0ECD017EF2B20009AF735 /* MMDrawerBarButtonItem.h */,
				26A0ECD117EF2B20009AF735 /* MMDrawerBarButtonItem.m */,
			);
			path = MMDrawerController;
			sourceTree = "<group>";
		};
		26A0ECD617EF2E6D009AF735 /* TabBarItemBg */ = {
			isa = PBXGroup;
			children = (
				26A0ECD717EF2E9B009AF735 /* about_normal.png */,
				26A0ECD817EF2E9B009AF735 /* about_select.png */,
				26A0ECD917EF2E9B009AF735 /* index_normal.png */,
				26A0ECDA17EF2E9B009AF735 /* index_select.png */,
				26A0ECDB17EF2E9B009AF735 /* system_normal.png */,
				26A0ECDC17EF2E9B009AF735 /* system_select.png */,
				26A0ECDD17EF2E9B009AF735 /* user_normal.png */,
				26A0ECDE17EF2E9B009AF735 /* user_select.png */,
			);
			name = TabBarItemBg;
			sourceTree = "<group>";
		};
		26A5877717F7C92B00850DED /* Modle */ = {
			isa = PBXGroup;
			children = (
			);
			name = Modle;
			sourceTree = "<group>";
		};
		26A5877E17F7D86200850DED /* Menu */ = {
			isa = PBXGroup;
			children = (
				26A5877F17F7D89200850DED /* RepairItemViewController.h */,
				26A5878017F7D89200850DED /* RepairItemViewController.m */,
				26A5878217F7DAC300850DED /* BusinessAreaViewController.h */,
				26A5878317F7DAC300850DED /* BusinessAreaViewController.m */,
			);
			name = Menu;
			sourceTree = "<group>";
		};
		26A5878B17F7E74400850DED /* RepairItem */ = {
			isa = PBXGroup;
			children = (
				26A5878C17F7E76200850DED /* fk_01.jpg */,
				26A5878D17F7E76200850DED /* fk_02.jpg */,
				26A5878E17F7E76200850DED /* fk_03.jpg */,
				26A5878F17F7E76200850DED /* fk_04.jpg */,
				26A5879017F7E76200850DED /* fk_05.jpg */,
				26A5879117F7E76200850DED /* fk_06.jpg */,
				26A5879217F7E76200850DED /* fk_07.jpg */,
				26A5879317F7E76200850DED /* fk_08.jpg */,
			);
			name = RepairItem;
			sourceTree = "<group>";
		};
		26A5BA5A17F0713E00A13AC6 /* Label */ = {
			isa = PBXGroup;
			children = (
				26A5BA6517F0887900A13AC6 /* RTLabel.h */,
				26A5BA6617F0887900A13AC6 /* RTLabel.m */,
			);
			name = Label;
			sourceTree = "<group>";
		};
		26A5BA5B17F072A100A13AC6 /* Source */ = {
			isa = PBXGroup;
			children = (
				26A5877517F7C8CD00850DED /* Privacy.txt */,
				26A5BA5C17F072AC00A13AC6 /* aboutUs.txt */,
			);
			name = Source;
			sourceTree = "<group>";
		};
/* End PBXGroup section */

/* Begin PBXNativeTarget section */
		010476D517DF1A0A00BDCCE0 /* Eland */ = {
			isa = PBXNativeTarget;
			buildConfigurationList = 010476FD17DF1A0A00BDCCE0 /* Build configuration list for PBXNativeTarget "Eland" */;
			buildPhases = (
				010476D217DF1A0A00BDCCE0 /* Sources */,
				010476D317DF1A0A00BDCCE0 /* Frameworks */,
				010476D417DF1A0A00BDCCE0 /* Resources */,
			);
			buildRules = (
			);
			dependencies = (
			);
			name = Eland;
			productName = Eland;
			productReference = 010476D617DF1A0A00BDCCE0 /* Eland.app */;
			productType = "com.apple.product-type.application";
		};
/* End PBXNativeTarget section */

/* Begin PBXProject section */
		010476CD17DF1A0A00BDCCE0 /* Project object */ = {
			isa = PBXProject;
			attributes = {
				LastUpgradeCheck = 0450;
				ORGANIZATIONNAME = rang;
			};
			buildConfigurationList = 010476D017DF1A0A00BDCCE0 /* Build configuration list for PBXProject "Eland" */;
			compatibilityVersion = "Xcode 3.2";
			developmentRegion = English;
			hasScannedForEncodings = 0;
			knownRegions = (
				en,
			);
			mainGroup = 010476CB17DF1A0A00BDCCE0;
			productRefGroup = 010476D717DF1A0A00BDCCE0 /* Products */;
			projectDirPath = "";
			projectRoot = "";
			targets = (
				010476D517DF1A0A00BDCCE0 /* Eland */,
			);
		};
/* End PBXProject section */

/* Begin PBXResourcesBuildPhase section */
		010476D417DF1A0A00BDCCE0 /* Resources */ = {
			isa = PBXResourcesBuildPhase;
			buildActionMask = 2147483647;
			files = (
				010476E517DF1A0A00BDCCE0 /* InfoPlist.strings in Resources */,
				010476ED17DF1A0A00BDCCE0 /* Default.png in Resources */,
				010476EF17DF1A0A00BDCCE0 /* Default@2x.png in Resources */,
				010476F117DF1A0A00BDCCE0 /* Default-568h@2x.png in Resources */,
				010476F717DF1A0A00BDCCE0 /* ViewController_iPhone.xib in Resources */,
				010476FA17DF1A0A00BDCCE0 /* ViewController_iPad.xib in Resources */,
				0104772917DF1EF600BDCCE0 /* NoticeView.bundle in Resources */,
				0104775817DF243D00BDCCE0 /* ReadMe.rtf in Resources */,
				01B5A61017DFF5270076738C /* error.png in Resources */,
				012F120517E85EEA00AE73EB /* topbar_bg.jpg in Resources */,
				26A0ECBA17EF2ADE009AF735 /* Icon_Activity@2x.png in Resources */,
				26A0ECBB17EF2ADE009AF735 /* Icon_Explore@2x.png in Resources */,
				26A0ECBC17EF2ADE009AF735 /* Icon_Home@2x.png in Resources */,
				26A0ECBD17EF2ADE009AF735 /* Icon_Profile@2x.png in Resources */,
				26A0ECBE17EF2ADE009AF735 /* Icon_Activity.png in Resources */,
				26A0ECBF17EF2ADE009AF735 /* Icon_Explore.png in Resources */,
				26A0ECC017EF2ADE009AF735 /* Icon_Home.png in Resources */,
				26A0ECC117EF2ADE009AF735 /* Icon_Profile.png in Resources */,
				26A0ECDF17EF2E9B009AF735 /* about_normal.png in Resources */,
				26A0ECE017EF2E9B009AF735 /* about_select.png in Resources */,
				26A0ECE117EF2E9B009AF735 /* index_normal.png in Resources */,
				26A0ECE217EF2E9B009AF735 /* index_select.png in Resources */,
				26A0ECE317EF2E9B009AF735 /* system_normal.png in Resources */,
				26A0ECE417EF2E9B009AF735 /* system_select.png in Resources */,
				26A0ECE517EF2E9B009AF735 /* user_normal.png in Resources */,
				26A0ECE617EF2E9B009AF735 /* user_select.png in Resources */,
				26A0ECE817EF343F009AF735 /* Entitlements.plist in Resources */,
				26A5BA5D17F072AC00A13AC6 /* aboutUs.txt in Resources */,
				01E5BD6517F584260020A83E /* ZAActivityBar.bundle in Resources */,
				26A5877117F7C61900850DED /* logo.png in Resources */,
				26A5877617F7C8CD00850DED /* Privacy.txt in Resources */,
				26A5879417F7E76200850DED /* fk_01.jpg in Resources */,
				26A5879517F7E76200850DED /* fk_02.jpg in Resources */,
				26A5879617F7E76200850DED /* fk_03.jpg in Resources */,
				26A5879717F7E76200850DED /* fk_04.jpg in Resources */,
				26A5879817F7E76200850DED /* fk_05.jpg in Resources */,
				26A5879917F7E76200850DED /* fk_06.jpg in Resources */,
				26A5879A17F7E76200850DED /* fk_07.jpg in Resources */,
				26A5879B17F7E76200850DED /* fk_08.jpg in Resources */,
				26A587E917F81BC400850DED /* search@2x.png in Resources */,
				26A587EB17F81CB600850DED /* search.png in Resources */,
			);
			runOnlyForDeploymentPostprocessing = 0;
		};
/* End PBXResourcesBuildPhase section */

/* Begin PBXSourcesBuildPhase section */
		010476D217DF1A0A00BDCCE0 /* Sources */ = {
			isa = PBXSourcesBuildPhase;
			buildActionMask = 2147483647;
			files = (
				010476E717DF1A0A00BDCCE0 /* main.m in Sources */,
				010476EB17DF1A0A00BDCCE0 /* AppDelegate.m in Sources */,
				010476F417DF1A0A00BDCCE0 /* ViewController.m in Sources */,
				0104770E17DF1D5000BDCCE0 /* BasicViewController.m in Sources */,
				0104772A17DF1EF600BDCCE0 /* NSOperationQueue+WBNoticeExtensions.m in Sources */,
				0104772B17DF1EF600BDCCE0 /* UILabel+WBExtensions.m in Sources */,
				0104772C17DF1EF600BDCCE0 /* WBBlueGradientView.m in Sources */,
				0104772D17DF1EF600BDCCE0 /* WBErrorNoticeView.m in Sources */,
				0104772E17DF1EF600BDCCE0 /* WBGrayGradientView.m in Sources */,
				0104772F17DF1EF600BDCCE0 /* WBNoticeOperation.m in Sources */,
				0104773017DF1EF600BDCCE0 /* WBNoticeView.m in Sources */,
				0104773117DF1EF600BDCCE0 /* WBRedGradientView.m in Sources */,
				0104773217DF1EF600BDCCE0 /* WBStickyNoticeView.m in Sources */,
				0104773317DF1EF600BDCCE0 /* WBSuccessNoticeView.m in Sources */,
				0104774417DF20CB00BDCCE0 /* GDataXMLNode.m in Sources */,
				0104774517DF20CB00BDCCE0 /* XmlNode.m in Sources */,
				0104774617DF20CB00BDCCE0 /* XmlParseHelper.m in Sources */,
				0104775417DF233F00BDCCE0 /* Reachability.m in Sources */,
				0104776C17DF25A800BDCCE0 /* ASIAuthenticationDialog.m in Sources */,
				0104776D17DF25A800BDCCE0 /* ASIDataCompressor.m in Sources */,
				0104776E17DF25A800BDCCE0 /* ASIDataDecompressor.m in Sources */,
				0104776F17DF25A800BDCCE0 /* ASIDownloadCache.m in Sources */,
				0104777017DF25A800BDCCE0 /* ASIHTTPRequest.m in Sources */,
				0104777117DF25A800BDCCE0 /* ASIInputStream.m in Sources */,
				0104777217DF25A800BDCCE0 /* ASINetworkQueue.m in Sources */,
				01B5A60B17DFF42F0076738C /* AnimateLoadView.m in Sources */,
				01B5A60C17DFF42F0076738C /* AnimateErrorView.m in Sources */,
				01B5A61817E006CA0076738C /* NSData+TPCategory.m in Sources */,
				01B5A61B17E006F20076738C /* UIImage+TPCategory.m in Sources */,
				01B5A61E17E00BCA0076738C /* UIColor+TPCategory.m in Sources */,
				01B5A62117E00BF90076738C /* NSString+TPCategory.m in Sources */,
				012F11F017E8517900AE73EB /* IndexViewController.m in Sources */,
				012F11F117E8517900AE73EB /* aboutUSViewController.m in Sources */,
				012F11F217E8517900AE73EB /* UserSetViewController.m in Sources */,
				012F11F517E8526C00AE73EB /* SystemCheckViewController.m in Sources */,
				012F120317E85C6A00AE73EB /* UINavigationBar+TPCategory.m in Sources */,
				26A0ECCB17EF2B13009AF735 /* REMenu.m in Sources */,
				26A0ECCC17EF2B13009AF735 /* REMenuContainerView.m in Sources */,
				26A0ECCD17EF2B13009AF735 /* REMenuItem.m in Sources */,
				26A0ECCE17EF2B13009AF735 /* REMenuItemView.m in Sources */,
				26A0ECD217EF2B20009AF735 /* MMDrawerBarButtonItem.m in Sources */,
				26A0ECD517EF2B8D009AF735 /* MainViewController.m in Sources */,
				26A5BA6717F0887900A13AC6 /* RTLabel.m in Sources */,
				01A7BFD217F1229200A2C03B /* LinearView.m in Sources */,
				01A7BFDC17F1402800A2C03B /* LinearImage.m in Sources */,
				014BDC2617F18130001E716D /* TKLabelCell.m in Sources */,
				014BDC2717F18130001E716D /* TKLabelFieldCell.m in Sources */,
				014BDC2817F18130001E716D /* TKLabelSwitchCell.m in Sources */,
				014BDC2917F18130001E716D /* TKLabelTextFieldCell.m in Sources */,
				014BDC2A17F18130001E716D /* TKLabelTextViewCell.m in Sources */,
				014BDC2D17F18202001E716D /* EMKeyboardBarTextField.m in Sources */,
				014BDC3017F1822F001E716D /* GCPlaceholderTextView.m in Sources */,
				014BDC3417F182BA001E716D /* TKEmptyCell.m in Sources */,
				01E5BD6617F584260020A83E /* ZAActivityBar.m in Sources */,
				01E5BD6917F584520020A83E /* SKBounceAnimation.m in Sources */,
				26A5877417F7C6EC00850DED /* UINavigationItem+TPCategory.m in Sources */,
				26A5877A17F7C98400850DED /* UserSet.m in Sources */,
				26A5877D17F7CAF600850DED /* SecrecyViewController.m in Sources */,
				26A5878117F7D89200850DED /* RepairItemViewController.m in Sources */,
				26A5878417F7DAC300850DED /* BusinessAreaViewController.m in Sources */,
				26A5878717F7DD0200850DED /* UIDevice+TPCategory.m in Sources */,
				26A587EE17F81F3500850DED /* CaseSearchViewController.m in Sources */,
				26A587F117F81F4D00850DED /* PushViewController.m in Sources */,
			);
			runOnlyForDeploymentPostprocessing = 0;
		};
/* End PBXSourcesBuildPhase section */

/* Begin PBXVariantGroup section */
		010476E317DF1A0A00BDCCE0 /* InfoPlist.strings */ = {
			isa = PBXVariantGroup;
			children = (
				010476E417DF1A0A00BDCCE0 /* en */,
			);
			name = InfoPlist.strings;
			sourceTree = "<group>";
		};
		010476F517DF1A0A00BDCCE0 /* ViewController_iPhone.xib */ = {
			isa = PBXVariantGroup;
			children = (
				010476F617DF1A0A00BDCCE0 /* en */,
			);
			name = ViewController_iPhone.xib;
			sourceTree = "<group>";
		};
		010476F817DF1A0A00BDCCE0 /* ViewController_iPad.xib */ = {
			isa = PBXVariantGroup;
			children = (
				010476F917DF1A0A00BDCCE0 /* en */,
			);
			name = ViewController_iPad.xib;
			sourceTree = "<group>";
		};
/* End PBXVariantGroup section */

/* Begin XCBuildConfiguration section */
		010476FB17DF1A0A00BDCCE0 /* Debug */ = {
			isa = XCBuildConfiguration;
			buildSettings = {
				ALWAYS_SEARCH_USER_PATHS = NO;
				CLANG_CXX_LANGUAGE_STANDARD = "gnu++0x";
				CLANG_CXX_LIBRARY = "libc++";
				CLANG_WARN_EMPTY_BODY = YES;
				CLANG_WARN__DUPLICATE_METHOD_MATCH = YES;
				CODE_SIGN_IDENTITY = "";
				"CODE_SIGN_IDENTITY[sdk=iphoneos*]" = "iPhone Developer: 澜洲 吴 (M3F85US4G2)";
				COPY_PHASE_STRIP = NO;
				GCC_C_LANGUAGE_STANDARD = gnu99;
				GCC_DYNAMIC_NO_PIC = NO;
				GCC_OPTIMIZATION_LEVEL = 0;
				GCC_PREPROCESSOR_DEFINITIONS = (
					"DEBUG=1",
					"$(inherited)",
				);
				GCC_SYMBOLS_PRIVATE_EXTERN = NO;
				GCC_WARN_ABOUT_RETURN_TYPE = YES;
				GCC_WARN_UNINITIALIZED_AUTOS = YES;
				GCC_WARN_UNUSED_VARIABLE = YES;
				IPHONEOS_DEPLOYMENT_TARGET = 6.0;
				"PROVISIONING_PROFILE[sdk=iphoneos*]" = "3EF2AC8B-9576-4315-8F7A-7D5426E02617";
				SDKROOT = iphoneos;
				TARGETED_DEVICE_FAMILY = "1,2";
			};
			name = Debug;
		};
		010476FC17DF1A0A00BDCCE0 /* Release */ = {
			isa = XCBuildConfiguration;
			buildSettings = {
				ALWAYS_SEARCH_USER_PATHS = NO;
				CLANG_CXX_LANGUAGE_STANDARD = "gnu++0x";
				CLANG_CXX_LIBRARY = "libc++";
				CLANG_WARN_EMPTY_BODY = YES;
				CLANG_WARN__DUPLICATE_METHOD_MATCH = YES;
				CODE_SIGN_IDENTITY = "";
				"CODE_SIGN_IDENTITY[sdk=iphoneos*]" = "iPhone Developer: 澜洲 吴 (M3F85US4G2)";
				COPY_PHASE_STRIP = YES;
				GCC_C_LANGUAGE_STANDARD = gnu99;
				GCC_WARN_ABOUT_RETURN_TYPE = YES;
				GCC_WARN_UNINITIALIZED_AUTOS = YES;
				GCC_WARN_UNUSED_VARIABLE = YES;
				IPHONEOS_DEPLOYMENT_TARGET = 6.0;
				OTHER_CFLAGS = "-DNS_BLOCK_ASSERTIONS=1";
				"PROVISIONING_PROFILE[sdk=iphoneos*]" = "3EF2AC8B-9576-4315-8F7A-7D5426E02617";
				SDKROOT = iphoneos;
				TARGETED_DEVICE_FAMILY = "1,2";
				VALIDATE_PRODUCT = YES;
			};
			name = Release;
		};
		010476FE17DF1A0A00BDCCE0 /* Debug */ = {
			isa = XCBuildConfiguration;
			buildSettings = {
				CODE_SIGN_ENTITLEMENTS = Entitlements.plist;
				CODE_SIGN_IDENTITY = "";
				"CODE_SIGN_IDENTITY[sdk=iphoneos*]" = "iPhone Developer: 澜洲 吴 (M3F85US4G2)";
				GCC_PRECOMPILE_PREFIX_HEADER = YES;
				GCC_PREFIX_HEADER = "Eland/Eland-Prefix.pch";
				HEADER_SEARCH_PATHS = "${SDK_ROOT}/usr/include/libxml2";
				INFOPLIST_FILE = "Eland/Eland-Info.plist";
				PRODUCT_NAME = "$(TARGET_NAME)";
				"PROVISIONING_PROFILE[sdk=iphoneos*]" = "3EF2AC8B-9576-4315-8F7A-7D5426E02617";
				WRAPPER_EXTENSION = app;
			};
			name = Debug;
		};
		010476FF17DF1A0A00BDCCE0 /* Release */ = {
			isa = XCBuildConfiguration;
			buildSettings = {
				CODE_SIGN_ENTITLEMENTS = Entitlements.plist;
				CODE_SIGN_IDENTITY = "";
				"CODE_SIGN_IDENTITY[sdk=iphoneos*]" = "iPhone Developer: 澜洲 吴 (M3F85US4G2)";
				GCC_PRECOMPILE_PREFIX_HEADER = YES;
				GCC_PREFIX_HEADER = "Eland/Eland-Prefix.pch";
				HEADER_SEARCH_PATHS = "${SDK_ROOT}/usr/include/libxml2";
				INFOPLIST_FILE = "Eland/Eland-Info.plist";
				PRODUCT_NAME = "$(TARGET_NAME)";
				"PROVISIONING_PROFILE[sdk=iphoneos*]" = "3EF2AC8B-9576-4315-8F7A-7D5426E02617";
				WRAPPER_EXTENSION = app;
			};
			name = Release;
		};
		26A0ECE917EF3599009AF735 /* AdHoc */ = {
			isa = XCBuildConfiguration;
			buildSettings = {
				ALWAYS_SEARCH_USER_PATHS = NO;
				CLANG_CXX_LANGUAGE_STANDARD = "gnu++0x";
				CLANG_CXX_LIBRARY = "libc++";
				CLANG_WARN_EMPTY_BODY = YES;
				CLANG_WARN__DUPLICATE_METHOD_MATCH = YES;
				CODE_SIGN_IDENTITY = "iPhone Distribution: Maxense Corp.";
				"CODE_SIGN_IDENTITY[sdk=iphoneos*]" = "iPhone Distribution: Maxense Corp.";
				COPY_PHASE_STRIP = YES;
				GCC_C_LANGUAGE_STANDARD = gnu99;
				GCC_WARN_ABOUT_RETURN_TYPE = YES;
				GCC_WARN_UNINITIALIZED_AUTOS = YES;
				GCC_WARN_UNUSED_VARIABLE = YES;
				IPHONEOS_DEPLOYMENT_TARGET = 6.0;
				OTHER_CFLAGS = "-DNS_BLOCK_ASSERTIONS=1";
				PROVISIONING_PROFILE = "9B4A02E0-5E37-49DB-8002-D36828A385B4";
				"PROVISIONING_PROFILE[sdk=iphoneos*]" = "9B4A02E0-5E37-49DB-8002-D36828A385B4";
				SDKROOT = iphoneos;
				TARGETED_DEVICE_FAMILY = "1,2";
				VALIDATE_PRODUCT = YES;
			};
			name = AdHoc;
		};
		26A0ECEA17EF3599009AF735 /* AdHoc */ = {
			isa = XCBuildConfiguration;
			buildSettings = {
				CODE_SIGN_ENTITLEMENTS = Entitlements.plist;
				CODE_SIGN_IDENTITY = "iPhone Distribution: Maxense Corp.";
				"CODE_SIGN_IDENTITY[sdk=iphoneos*]" = "iPhone Distribution: Maxense Corp.";
				GCC_PRECOMPILE_PREFIX_HEADER = YES;
				GCC_PREFIX_HEADER = "Eland/Eland-Prefix.pch";
				HEADER_SEARCH_PATHS = "${SDK_ROOT}/usr/include/libxml2";
				INFOPLIST_FILE = "Eland/Eland-Info.plist";
				PRODUCT_NAME = "$(TARGET_NAME)";
				PROVISIONING_PROFILE = "9B4A02E0-5E37-49DB-8002-D36828A385B4";
				"PROVISIONING_PROFILE[sdk=iphoneos*]" = "9B4A02E0-5E37-49DB-8002-D36828A385B4";
				WRAPPER_EXTENSION = app;
			};
			name = AdHoc;
		};
/* End XCBuildConfiguration section */

/* Begin XCConfigurationList section */
		010476D017DF1A0A00BDCCE0 /* Build configuration list for PBXProject "Eland" */ = {
			isa = XCConfigurationList;
			buildConfigurations = (
				010476FB17DF1A0A00BDCCE0 /* Debug */,
				010476FC17DF1A0A00BDCCE0 /* Release */,
				26A0ECE917EF3599009AF735 /* AdHoc */,
			);
			defaultConfigurationIsVisible = 0;
			defaultConfigurationName = Release;
		};
		010476FD17DF1A0A00BDCCE0 /* Build configuration list for PBXNativeTarget "Eland" */ = {
			isa = XCConfigurationList;
			buildConfigurations = (
				010476FE17DF1A0A00BDCCE0 /* Debug */,
				010476FF17DF1A0A00BDCCE0 /* Release */,
				26A0ECEA17EF3599009AF735 /* AdHoc */,
			);
			defaultConfigurationIsVisible = 0;
			defaultConfigurationName = Release;
		};
/* End XCConfigurationList section */
	};
	rootObject = 010476CD17DF1A0A00BDCCE0 /* Project object */;
}
